
Microsoft Visual Studio Solution File, Format Version 12.00
# Visual Studio 14
VisualStudioVersion = 14.0.25420.1
MinimumVisualStudioVersion = 10.0.40219.1
Project("{2150E333-8FDC-42A3-9474-1A3956D46DE8}") = "EFCore", "EFCore", "{6CF93713-A047-43F7-A454-C4D674B13DB8}"
EndProject
Project("{2150E333-8FDC-42A3-9474-1A3956D46DE8}") = "NHibernate", "NHibernate", "{927D8C76-2C00-47BD-B727-8A47386C9B45}"
EndProject
Project("{2150E333-8FDC-42A3-9474-1A3956D46DE8}") = "QuickSnacks", "QuickSnacks", "{8372B07C-AAFB-4D1F-BA66-402AD74B5233}"
EndProject
Project("{FAE04EC0-301F-11D3-BF4B-00C04F79EFBC}") = "EFCoreSample", "Samples\EFCoreSample\EFCoreSample\EFCoreSample.csproj", "{B450314D-039F-4DB0-B3EF-8C848741E5A7}"
EndProject
Project("{FAE04EC0-301F-11D3-BF4B-00C04F79EFBC}") = "EFCoreSample.Database", "Samples\EFCoreSample\EFCoreSample.Database\EFCoreSample.Database.csproj", "{4498FB46-8835-4D05-911D-36EF0E23567A}"
EndProject
Project("{FAE04EC0-301F-11D3-BF4B-00C04F79EFBC}") = "EFCoreSample.Entities", "Samples\EFCoreSample\EFCoreSample.Entities\EFCoreSample.Entities.csproj", "{499D4EDB-C9AC-471A-831C-9956C09639B4}"
EndProject
Project("{FAE04EC0-301F-11D3-BF4B-00C04F79EFBC}") = "NHibernateSample", "Samples\NHibernateSample\NHibernateSample\NHibernateSample.csproj", "{94D0C8BB-04A5-4ED0-8575-E4D10B974D38}"
EndProject
Project("{FAE04EC0-301F-11D3-BF4B-00C04F79EFBC}") = "NHibernateSample.Entities", "Samples\NHibernateSample\NHibernateSample.Entities\NHibernateSample.Entities.csproj", "{CEEEDEF9-999B-4276-A3C0-1E9163C3E704}"
EndProject
Project("{FAE04EC0-301F-11D3-BF4B-00C04F79EFBC}") = "NHibernateSample.FluentMappings", "Samples\NHibernateSample\NHibernateSample.FluentMappings\NHibernateSample.FluentMappings.csproj", "{6D59E454-DE2E-4700-91D3-166545F00522}"
EndProject
Project("{FAE04EC0-301F-11D3-BF4B-00C04F79EFBC}") = "QuickSnacks.Console", "Projects\QuickSnacks\QuickSnacks.Console\QuickSnacks.Console.csproj", "{A61EB265-7669-435F-BF20-831F7C319433}"
EndProject
Project("{FAE04EC0-301F-11D3-BF4B-00C04F79EFBC}") = "QuickSnacks.Data.EF", "Projects\QuickSnacks\QuickSnacks.Data.EF\QuickSnacks.Data.EF.csproj", "{F016451B-6C70-419B-A42B-997183F2DD73}"
EndProject
Project("{FAE04EC0-301F-11D3-BF4B-00C04F79EFBC}") = "QuickSnacks.Data.Entities", "Projects\QuickSnacks\QuickSnacks.Data.Entities\QuickSnacks.Data.Entities.csproj", "{1FC80C0E-D043-4ED0-94F9-53215E281938}"
EndProject
Project("{FAE04EC0-301F-11D3-BF4B-00C04F79EFBC}") = "QuickSnacks.Data.NHibernate", "Projects\QuickSnacks\QuickSnacks.Data.NHibernate\QuickSnacks.Data.NHibernate.csproj", "{F3BBDAC5-0AD2-4F78-A987-758583BF7E00}"
EndProject
Project("{2150E333-8FDC-42A3-9474-1A3956D46DE8}") = "Demos", "Demos", "{2DC63571-2E30-44CD-BDBE-9EFE4AA549FA}"
EndProject
Project("{2150E333-8FDC-42A3-9474-1A3956D46DE8}") = "Projects", "Projects", "{5422BD1B-0D9D-41D4-A725-FAB85FD027E1}"
EndProject
Project("{2150E333-8FDC-42A3-9474-1A3956D46DE8}") = "Quartz", "Quartz", "{F450FC51-71E0-4815-8C1D-A03CBD0F994A}"
EndProject
Project("{2150E333-8FDC-42A3-9474-1A3956D46DE8}") = "Topshelf", "Topshelf", "{E39B3A44-227C-4DC4-B12C-44DDF7CB7204}"
EndProject
Project("{FAE04EC0-301F-11D3-BF4B-00C04F79EFBC}") = "QuartzSample", "Samples\QuartzSample\QuartzSample.csproj", "{33AA954D-120E-4C82-A270-728F53C38668}"
EndProject
Project("{FAE04EC0-301F-11D3-BF4B-00C04F79EFBC}") = "TopshelfSample", "Samples\TopshelfSample\TopshelfSample.csproj", "{4C39AC7E-6A17-48A0-A40E-BB049FFDA14B}"
EndProject
Project("{2150E333-8FDC-42A3-9474-1A3956D46DE8}") = "ODAC", "ODAC", "{335CE71E-EC5E-4BA5-B717-E9B160E1C67E}"
EndProject
Project("{FAE04EC0-301F-11D3-BF4B-00C04F79EFBC}") = "ODACSample", "Samples\ODACSample\ODACSample\ODACSample.csproj", "{5047A44D-83EB-479B-A220-45B42584475F}"
EndProject
Project("{FAE04EC0-301F-11D3-BF4B-00C04F79EFBC}") = "ODACSample.FluentDAO", "Samples\ODACSample\ODACSample.FluentDAO\ODACSample.FluentDAO.csproj", "{7A0A3695-C2A6-42FC-85FD-D006E2734295}"
EndProject
Project("{FAE04EC0-301F-11D3-BF4B-00C04F79EFBC}") = "ODACSample.InsightDatabase", "Samples\ODACSample\ODACSample.InsightDatabase\ODACSample.InsightDatabase.csproj", "{19EBB7C4-E55B-4486-A5CE-861945F8A336}"
EndProject
Project("{FAE04EC0-301F-11D3-BF4B-00C04F79EFBC}") = "ODACSample.NHibernate", "Samples\ODACSample\ODACSample.NHibernate\ODACSample.NHibernate.csproj", "{DF5FB5E8-D3F1-454D-9700-C57F94B41EBA}"
EndProject
Project("{2150E333-8FDC-42A3-9474-1A3956D46DE8}") = "NodaTime", "NodaTime", "{163282BC-4C80-4218-A2D5-94F0A331A76D}"
EndProject
Project("{FAE04EC0-301F-11D3-BF4B-00C04F79EFBC}") = "NodaTimeSample", "Samples\NodaTimeSample\NodaTimeSample.csproj", "{AC491325-FD44-4F9C-90BA-D9886C96ACCE}"
EndProject
Project("{2150E333-8FDC-42A3-9474-1A3956D46DE8}") = "WindowsAuthentication", "WindowsAuthentication", "{708F983D-ADD3-4A62-A466-F2120E9E0EE3}"
EndProject
Project("{2150E333-8FDC-42A3-9474-1A3956D46DE8}") = "AWS", "AWS", "{01E23964-54A2-4E1A-8298-0E047AE7A843}"
EndProject
Project("{2150E333-8FDC-42A3-9474-1A3956D46DE8}") = "DependencyInjection", "DependencyInjection", "{1781CD95-F695-43CF-9D38-57C84E32E116}"
EndProject
Project("{2150E333-8FDC-42A3-9474-1A3956D46DE8}") = "MediatR", "MediatR", "{C2EE3405-81D6-448E-A6A0-677C9122A4BF}"
EndProject
Project("{2150E333-8FDC-42A3-9474-1A3956D46DE8}") = "Hangfire", "Hangfire", "{F3F1A92B-83AC-4341-B2E6-1C085FC8CB0B}"
EndProject
Project("{FAE04EC0-301F-11D3-BF4B-00C04F79EFBC}") = "HangfireSample", "Samples\HangfireSample\HangfireSample.csproj", "{ED37D9CA-ABB3-44EA-8AE6-C239A0EA706C}"
EndProject
Project("{FAE04EC0-301F-11D3-BF4B-00C04F79EFBC}") = "MediatRSample", "Samples\MediatRSample\MediatRSample\MediatRSample.csproj", "{EF0EEE74-3AC4-4672-8C45-A780E72076B8}"
EndProject
Project("{FAE04EC0-301F-11D3-BF4B-00C04F79EFBC}") = "MediatRSample.Objects", "Samples\MediatRSample\MediatRSample.Objects\MediatRSample.Objects.csproj", "{2C06A473-15C1-44CA-BB84-4704D3CCF8B6}"
EndProject
Project("{FAE04EC0-301F-11D3-BF4B-00C04F79EFBC}") = "AWSConsoleSample", "Samples\AWSSample\AWSConsoleSample\AWSConsoleSample.csproj", "{2ECCA326-DA2E-4B3E-8152-459FF716B7FC}"
EndProject
Project("{FAE04EC0-301F-11D3-BF4B-00C04F79EFBC}") = "AWSWebSample", "Samples\AWSSample\AWSWebSample\AWSWebSample.csproj", "{304ECE55-EA44-4E47-AD10-EB313DD9EC92}"
EndProject
Project("{2150E333-8FDC-42A3-9474-1A3956D46DE8}") = "SignalR", "SignalR", "{9CD09E09-DC5F-4C5F-A7B4-9752F3009BDB}"
EndProject
Project("{FAE04EC0-301F-11D3-BF4B-00C04F79EFBC}") = "SignalRSample", "Samples\SignalRSample\SignalRSample\SignalRSample.csproj", "{A00590A9-41DA-48E5-97BB-69B246AAEFF0}"
EndProject
Project("{FAE04EC0-301F-11D3-BF4B-00C04F79EFBC}") = "SignalRSample.Client", "Samples\SignalRSample\SignalRSample.Client\SignalRSample.Client.csproj", "{B8BFE6D6-BAC6-4C99-AC87-0583AAACA2AC}"
EndProject
Project("{FAE04EC0-301F-11D3-BF4B-00C04F79EFBC}") = "SignalRSample.Server", "Samples\SignalRSample\SignalRSample.Server\SignalRSample.Server.csproj", "{FB0EF4C0-08D6-43A3-A866-4E590EDDF082}"
EndProject
Project("{2150E333-8FDC-42A3-9474-1A3956D46DE8}") = "Glimpse", "Glimpse", "{51FF4C79-1C62-42C8-8E3D-BD652655B21B}"
EndProject
Project("{FAE04EC0-301F-11D3-BF4B-00C04F79EFBC}") = "GlimpseSample", "Samples\GlimpseSample\GlimpseSample\GlimpseSample.csproj", "{0DED780C-FF5E-4104-9633-04CEF635A382}"
EndProject
Project("{FAE04EC0-301F-11D3-BF4B-00C04F79EFBC}") = "GlimpseSample.Server", "Samples\GlimpseSample\GlimpseSample.Server\GlimpseSample.Server.csproj", "{69130D98-55A0-4C0D-91A4-7265C655B009}"
EndProject
Project("{FAE04EC0-301F-11D3-BF4B-00C04F79EFBC}") = "GlimpseSample.Web", "Samples\GlimpseSample\GlimpseSample.Web\GlimpseSample.Web.csproj", "{CF45C2F7-3DC5-4BDA-97A1-F10AA85AF951}"
EndProject
Project("{2150E333-8FDC-42A3-9474-1A3956D46DE8}") = "SkyLine-Tours", "SkyLine-Tours", "{B32DB358-A1ED-493F-A013-6F5381DFE7C2}"
EndProject
Project("{FAE04EC0-301F-11D3-BF4B-00C04F79EFBC}") = "SkyLine.Kernel", "Projects\SkyLine-Tours\SkyLine.Kernel\SkyLine.Kernel.csproj", "{095F0F6E-740B-4C20-A5BA-033471D5454F}"
EndProject
Project("{FAE04EC0-301F-11D3-BF4B-00C04F79EFBC}") = "SkyLine.Domain", "Projects\SkyLine-Tours\SkyLine.Domain\SkyLine.Domain.csproj", "{A16C2502-20EB-4D06-98CF-39ED628C4739}"
EndProject
Project("{FAE04EC0-301F-11D3-BF4B-00C04F79EFBC}") = "SkyLine.Data", "Projects\SkyLine-Tours\SkyLine.Data\SkyLine.Data.csproj", "{C520B5DA-EE48-4876-867E-0CBDD635C536}"
EndProject
Project("{FAE04EC0-301F-11D3-BF4B-00C04F79EFBC}") = "SkyLine.Website", "Projects\SkyLine-Tours\SkyLine.Website\SkyLine.Website.csproj", "{2FDA7A25-0688-426F-94D2-BDFD576843C7}"
EndProject
Project("{2150E333-8FDC-42A3-9474-1A3956D46DE8}") = "AutoMapper", "AutoMapper", "{093950A0-1809-47C2-B6E6-916623C300A5}"
EndProject
Project("{FAE04EC0-301F-11D3-BF4B-00C04F79EFBC}") = "AutoMapperSample", "Samples\AutoMapperSample\AutoMapperSample.csproj", "{48F8DBAD-CAEF-44C6-9CC4-680502857B6B}"
EndProject
Project("{2150E333-8FDC-42A3-9474-1A3956D46DE8}") = "MassTransit", "MassTransit", "{AEFB65DA-D47A-4B26-9536-0F926384BFCC}"
EndProject
Project("{FAE04EC0-301F-11D3-BF4B-00C04F79EFBC}") = "MassTransitSample", "Samples\MassTransitSample\MassTransitSample\MassTransitSample.csproj", "{6CD55F2A-A40F-4CEC-A3CA-B71BF9A6FCA5}"
EndProject
Project("{2150E333-8FDC-42A3-9474-1A3956D46DE8}") = "RabbitMQ", "RabbitMQ", "{D2CD1AC1-FE88-4671-8A1D-42D464E99B2B}"
EndProject
Project("{FAE04EC0-301F-11D3-BF4B-00C04F79EFBC}") = "RabbitMQSample", "Samples\RabbitMQSample\RabbitMQSample\RabbitMQSample.csproj", "{F83B5BAF-82F6-4D19-A5B6-FE01FC680E2A}"
EndProject
Project("{FAE04EC0-301F-11D3-BF4B-00C04F79EFBC}") = "MassTransitSample.Messaging", "Samples\MassTransitSample\MassTransitSample.Messaging\MassTransitSample.Messaging.csproj", "{3D30C26B-1FF0-406E-91D5-B7C28649D9FB}"
EndProject
Project("{2150E333-8FDC-42A3-9474-1A3956D46DE8}") = "FluentScheduler", "FluentScheduler", "{56B7F279-F263-436A-80E4-EEFF238C73B1}"
EndProject
Project("{2150E333-8FDC-42A3-9474-1A3956D46DE8}") = "ExpressMapper", "ExpressMapper", "{04E76C0B-3EE1-49EC-9A1A-DEAFEDB8A37E}"
EndProject
Project("{FAE04EC0-301F-11D3-BF4B-00C04F79EFBC}") = "ExpressMapperSample", "Samples\ExpressMapperSample\ExpressMapperSample\ExpressMapperSample.csproj", "{C72210B2-5787-4E7C-A277-EDF243B7192E}"
EndProject
Project("{FAE04EC0-301F-11D3-BF4B-00C04F79EFBC}") = "FluentSchedulerSample", "Samples\FluentSchedulerSample\FluentSchedulerSample\FluentSchedulerSample.csproj", "{E23E3ED8-9B56-41B6-AC16-D5B9DE51574B}"
EndProject
Project("{2150E333-8FDC-42A3-9474-1A3956D46DE8}") = "Chain", "Chain", "{6DA76673-07BD-4AA0-8DE4-B0EA40163DA7}"
EndProject
Project("{FAE04EC0-301F-11D3-BF4B-00C04F79EFBC}") = "ChainOrmSample", "Samples\ChainOrmSample\ChainOrmSample\ChainOrmSample.csproj", "{27B3A189-DEDB-4BF5-A6BE-0380C7DA480E}"
EndProject
Project("{2150E333-8FDC-42A3-9474-1A3956D46DE8}") = "Azure", "Azure", "{7B8937CD-661F-4543-9EF3-E84A1A277957}"
EndProject
Project("{FAE04EC0-301F-11D3-BF4B-00C04F79EFBC}") = "GlimpseSample.Data", "Samples\GlimpseSample\GlimpseSample.Data\GlimpseSample.Data.csproj", "{431DC9C5-4705-445C-9F75-B4AE43BF8379}"
EndProject
Project("{FAE04EC0-301F-11D3-BF4B-00C04F79EFBC}") = "ODACSample.EF", "Samples\ODACSample\ODACSample.EF\ODACSample.EF.csproj", "{561F8D82-C22A-4B9A-8DD2-A609B590D87D}"
EndProject
Project("{FAE04EC0-301F-11D3-BF4B-00C04F79EFBC}") = "AzureWebSample", "Samples\AzureSample\AzureWebSample\AzureWebSample.csproj", "{0926ED8F-F1DE-4498-B5D4-B7BA52CA145F}"
EndProject
Project("{FAE04EC0-301F-11D3-BF4B-00C04F79EFBC}") = "AzureConsoleSample", "Samples\AzureSample\AzureConsoleSample\AzureConsoleSample.csproj", "{02CF293F-53A6-4C0D-917E-7C00DF0903D0}"
EndProject
Project("{2150E333-8FDC-42A3-9474-1A3956D46DE8}") = "Web", "Web", "{DE5D660B-0197-4733-9B9E-DE292CE6AB5D}"
EndProject
Project("{2150E333-8FDC-42A3-9474-1A3956D46DE8}") = "General", "General", "{B68434A8-F473-448E-A5F9-031EDFF2664D}"
EndProject
Project("{FAE04EC0-301F-11D3-BF4B-00C04F79EFBC}") = "DIWebAppSample", "Samples\WebSamples\DIWebAppSample\DIWebAppSample.csproj", "{D56A4169-BA85-4DE8-B40D-CA79703978D6}"
EndProject
Project("{FAE04EC0-301F-11D3-BF4B-00C04F79EFBC}") = "WindowsAuthenticationSample", "Samples\WebSamples\WindowsAuthenticationSample\WindowsAuthenticationSample\WindowsAuthenticationSample.csproj", "{78CE83DC-2892-435C-9E70-6E7ECD42640F}"
EndProject
Project("{FAE04EC0-301F-11D3-BF4B-00C04F79EFBC}") = "GenericWebSample", "Samples\WebSamples\GenericWebSample\GenericWebSample.csproj", "{84EB9105-8081-46EC-89F9-BA7150B252B7}"
EndProject
Project("{2150E333-8FDC-42A3-9474-1A3956D46DE8}") = "General", "General", "{40C829E2-4196-434B-A98C-69A1D02A211F}"
EndProject
Project("{FAE04EC0-301F-11D3-BF4B-00C04F79EFBC}") = "CodeSnippetsSample", "Samples\GeneralSamples\CodeSnippetsSample\CodeSnippetsSample.csproj", "{55EB9D59-A35F-49B1-8900-F785F7362834}"
EndProject
Project("{FAE04EC0-301F-11D3-BF4B-00C04F79EFBC}") = "CodeSnippetsSample.Library", "Samples\GeneralSamples\CodeSnippetsSample.Library\CodeSnippetsSample.Library.csproj", "{BDD2896E-5498-43A1-8A43-A3634890CA68}"
EndProject
Project("{2150E333-8FDC-42A3-9474-1A3956D46DE8}") = "IndividualAuthentication", "IndividualAuthentication", "{F1F18A86-DA75-4694-94A5-9F336B7D2AD5}"
EndProject
Project("{FAE04EC0-301F-11D3-BF4B-00C04F79EFBC}") = "IndividualAuthenticationSample", "Samples\WebSamples\IndividualAuthenticationSample\IndividualAuthenticationSample\IndividualAuthenticationSample.csproj", "{76EE0891-132B-412A-9EBF-B0C80A2C9EA3}"
EndProject
Project("{FAE04EC0-301F-11D3-BF4B-00C04F79EFBC}") = "InMemory_ZipArchiving_S3", "Samples\AWSSample\InMemory_ZipArchiving_S3\InMemory_ZipArchiving_S3.csproj", "{8C329D02-4F9E-4902-B932-460D13080149}"
EndProject
Project("{2150E333-8FDC-42A3-9474-1A3956D46DE8}") = "GraphQL", "GraphQL", "{58BDAD9B-8DF6-492A-8AE2-010A6B4E2760}"
EndProject
Project("{FAE04EC0-301F-11D3-BF4B-00C04F79EFBC}") = "GraphQL_WebAPI_SampleNET45", "Samples\WebSamples\GraphQL_WebAPI_SampleNET45\GraphQL_WebAPI_SampleNET45\GraphQL_WebAPI_SampleNET45.csproj", "{AD3CEA04-F8A0-4AD7-ACD7-E6225E60260E}"
EndProject
Global
	GlobalSection(SolutionConfigurationPlatforms) = preSolution
		Debug|Any CPU = Debug|Any CPU
		Debug|x64 = Debug|x64
		Debug|x86 = Debug|x86
		Release|Any CPU = Release|Any CPU
		Release|x64 = Release|x64
		Release|x86 = Release|x86
	EndGlobalSection
	GlobalSection(ProjectConfigurationPlatforms) = postSolution
		{B450314D-039F-4DB0-B3EF-8C848741E5A7}.Debug|Any CPU.ActiveCfg = Debug|Any CPU
		{B450314D-039F-4DB0-B3EF-8C848741E5A7}.Debug|Any CPU.Build.0 = Debug|Any CPU
		{B450314D-039F-4DB0-B3EF-8C848741E5A7}.Debug|x64.ActiveCfg = Debug|Any CPU
		{B450314D-039F-4DB0-B3EF-8C848741E5A7}.Debug|x64.Build.0 = Debug|Any CPU
		{B450314D-039F-4DB0-B3EF-8C848741E5A7}.Debug|x86.ActiveCfg = Debug|Any CPU
		{B450314D-039F-4DB0-B3EF-8C848741E5A7}.Debug|x86.Build.0 = Debug|Any CPU
		{B450314D-039F-4DB0-B3EF-8C848741E5A7}.Release|Any CPU.ActiveCfg = Release|Any CPU
		{B450314D-039F-4DB0-B3EF-8C848741E5A7}.Release|Any CPU.Build.0 = Release|Any CPU
		{B450314D-039F-4DB0-B3EF-8C848741E5A7}.Release|x64.ActiveCfg = Release|Any CPU
		{B450314D-039F-4DB0-B3EF-8C848741E5A7}.Release|x64.Build.0 = Release|Any CPU
		{B450314D-039F-4DB0-B3EF-8C848741E5A7}.Release|x86.ActiveCfg = Release|Any CPU
		{B450314D-039F-4DB0-B3EF-8C848741E5A7}.Release|x86.Build.0 = Release|Any CPU
		{4498FB46-8835-4D05-911D-36EF0E23567A}.Debug|Any CPU.ActiveCfg = Debug|Any CPU
		{4498FB46-8835-4D05-911D-36EF0E23567A}.Debug|Any CPU.Build.0 = Debug|Any CPU
		{4498FB46-8835-4D05-911D-36EF0E23567A}.Debug|x64.ActiveCfg = Debug|Any CPU
		{4498FB46-8835-4D05-911D-36EF0E23567A}.Debug|x64.Build.0 = Debug|Any CPU
		{4498FB46-8835-4D05-911D-36EF0E23567A}.Debug|x86.ActiveCfg = Debug|Any CPU
		{4498FB46-8835-4D05-911D-36EF0E23567A}.Debug|x86.Build.0 = Debug|Any CPU
		{4498FB46-8835-4D05-911D-36EF0E23567A}.Release|Any CPU.ActiveCfg = Release|Any CPU
		{4498FB46-8835-4D05-911D-36EF0E23567A}.Release|Any CPU.Build.0 = Release|Any CPU
		{4498FB46-8835-4D05-911D-36EF0E23567A}.Release|x64.ActiveCfg = Release|Any CPU
		{4498FB46-8835-4D05-911D-36EF0E23567A}.Release|x64.Build.0 = Release|Any CPU
		{4498FB46-8835-4D05-911D-36EF0E23567A}.Release|x86.ActiveCfg = Release|Any CPU
		{4498FB46-8835-4D05-911D-36EF0E23567A}.Release|x86.Build.0 = Release|Any CPU
		{499D4EDB-C9AC-471A-831C-9956C09639B4}.Debug|Any CPU.ActiveCfg = Debug|Any CPU
		{499D4EDB-C9AC-471A-831C-9956C09639B4}.Debug|Any CPU.Build.0 = Debug|Any CPU
		{499D4EDB-C9AC-471A-831C-9956C09639B4}.Debug|x64.ActiveCfg = Debug|Any CPU
		{499D4EDB-C9AC-471A-831C-9956C09639B4}.Debug|x64.Build.0 = Debug|Any CPU
		{499D4EDB-C9AC-471A-831C-9956C09639B4}.Debug|x86.ActiveCfg = Debug|Any CPU
		{499D4EDB-C9AC-471A-831C-9956C09639B4}.Debug|x86.Build.0 = Debug|Any CPU
		{499D4EDB-C9AC-471A-831C-9956C09639B4}.Release|Any CPU.ActiveCfg = Release|Any CPU
		{499D4EDB-C9AC-471A-831C-9956C09639B4}.Release|Any CPU.Build.0 = Release|Any CPU
		{499D4EDB-C9AC-471A-831C-9956C09639B4}.Release|x64.ActiveCfg = Release|Any CPU
		{499D4EDB-C9AC-471A-831C-9956C09639B4}.Release|x64.Build.0 = Release|Any CPU
		{499D4EDB-C9AC-471A-831C-9956C09639B4}.Release|x86.ActiveCfg = Release|Any CPU
		{499D4EDB-C9AC-471A-831C-9956C09639B4}.Release|x86.Build.0 = Release|Any CPU
		{94D0C8BB-04A5-4ED0-8575-E4D10B974D38}.Debug|Any CPU.ActiveCfg = Debug|Any CPU
		{94D0C8BB-04A5-4ED0-8575-E4D10B974D38}.Debug|Any CPU.Build.0 = Debug|Any CPU
		{94D0C8BB-04A5-4ED0-8575-E4D10B974D38}.Debug|x64.ActiveCfg = Debug|Any CPU
		{94D0C8BB-04A5-4ED0-8575-E4D10B974D38}.Debug|x64.Build.0 = Debug|Any CPU
		{94D0C8BB-04A5-4ED0-8575-E4D10B974D38}.Debug|x86.ActiveCfg = Debug|Any CPU
		{94D0C8BB-04A5-4ED0-8575-E4D10B974D38}.Debug|x86.Build.0 = Debug|Any CPU
		{94D0C8BB-04A5-4ED0-8575-E4D10B974D38}.Release|Any CPU.ActiveCfg = Release|Any CPU
		{94D0C8BB-04A5-4ED0-8575-E4D10B974D38}.Release|Any CPU.Build.0 = Release|Any CPU
		{94D0C8BB-04A5-4ED0-8575-E4D10B974D38}.Release|x64.ActiveCfg = Release|Any CPU
		{94D0C8BB-04A5-4ED0-8575-E4D10B974D38}.Release|x64.Build.0 = Release|Any CPU
		{94D0C8BB-04A5-4ED0-8575-E4D10B974D38}.Release|x86.ActiveCfg = Release|Any CPU
		{94D0C8BB-04A5-4ED0-8575-E4D10B974D38}.Release|x86.Build.0 = Release|Any CPU
		{CEEEDEF9-999B-4276-A3C0-1E9163C3E704}.Debug|Any CPU.ActiveCfg = Debug|Any CPU
		{CEEEDEF9-999B-4276-A3C0-1E9163C3E704}.Debug|Any CPU.Build.0 = Debug|Any CPU
		{CEEEDEF9-999B-4276-A3C0-1E9163C3E704}.Debug|x64.ActiveCfg = Debug|Any CPU
		{CEEEDEF9-999B-4276-A3C0-1E9163C3E704}.Debug|x64.Build.0 = Debug|Any CPU
		{CEEEDEF9-999B-4276-A3C0-1E9163C3E704}.Debug|x86.ActiveCfg = Debug|Any CPU
		{CEEEDEF9-999B-4276-A3C0-1E9163C3E704}.Debug|x86.Build.0 = Debug|Any CPU
		{CEEEDEF9-999B-4276-A3C0-1E9163C3E704}.Release|Any CPU.ActiveCfg = Release|Any CPU
		{CEEEDEF9-999B-4276-A3C0-1E9163C3E704}.Release|Any CPU.Build.0 = Release|Any CPU
		{CEEEDEF9-999B-4276-A3C0-1E9163C3E704}.Release|x64.ActiveCfg = Release|Any CPU
		{CEEEDEF9-999B-4276-A3C0-1E9163C3E704}.Release|x64.Build.0 = Release|Any CPU
		{CEEEDEF9-999B-4276-A3C0-1E9163C3E704}.Release|x86.ActiveCfg = Release|Any CPU
		{CEEEDEF9-999B-4276-A3C0-1E9163C3E704}.Release|x86.Build.0 = Release|Any CPU
		{6D59E454-DE2E-4700-91D3-166545F00522}.Debug|Any CPU.ActiveCfg = Debug|Any CPU
		{6D59E454-DE2E-4700-91D3-166545F00522}.Debug|Any CPU.Build.0 = Debug|Any CPU
		{6D59E454-DE2E-4700-91D3-166545F00522}.Debug|x64.ActiveCfg = Debug|Any CPU
		{6D59E454-DE2E-4700-91D3-166545F00522}.Debug|x64.Build.0 = Debug|Any CPU
		{6D59E454-DE2E-4700-91D3-166545F00522}.Debug|x86.ActiveCfg = Debug|Any CPU
		{6D59E454-DE2E-4700-91D3-166545F00522}.Debug|x86.Build.0 = Debug|Any CPU
		{6D59E454-DE2E-4700-91D3-166545F00522}.Release|Any CPU.ActiveCfg = Release|Any CPU
		{6D59E454-DE2E-4700-91D3-166545F00522}.Release|Any CPU.Build.0 = Release|Any CPU
		{6D59E454-DE2E-4700-91D3-166545F00522}.Release|x64.ActiveCfg = Release|Any CPU
		{6D59E454-DE2E-4700-91D3-166545F00522}.Release|x64.Build.0 = Release|Any CPU
		{6D59E454-DE2E-4700-91D3-166545F00522}.Release|x86.ActiveCfg = Release|Any CPU
		{6D59E454-DE2E-4700-91D3-166545F00522}.Release|x86.Build.0 = Release|Any CPU
		{A61EB265-7669-435F-BF20-831F7C319433}.Debug|Any CPU.ActiveCfg = Debug|Any CPU
		{A61EB265-7669-435F-BF20-831F7C319433}.Debug|Any CPU.Build.0 = Debug|Any CPU
		{A61EB265-7669-435F-BF20-831F7C319433}.Debug|x64.ActiveCfg = Debug|Any CPU
		{A61EB265-7669-435F-BF20-831F7C319433}.Debug|x64.Build.0 = Debug|Any CPU
		{A61EB265-7669-435F-BF20-831F7C319433}.Debug|x86.ActiveCfg = Debug|Any CPU
		{A61EB265-7669-435F-BF20-831F7C319433}.Debug|x86.Build.0 = Debug|Any CPU
		{A61EB265-7669-435F-BF20-831F7C319433}.Release|Any CPU.ActiveCfg = Release|Any CPU
		{A61EB265-7669-435F-BF20-831F7C319433}.Release|Any CPU.Build.0 = Release|Any CPU
		{A61EB265-7669-435F-BF20-831F7C319433}.Release|x64.ActiveCfg = Release|Any CPU
		{A61EB265-7669-435F-BF20-831F7C319433}.Release|x64.Build.0 = Release|Any CPU
		{A61EB265-7669-435F-BF20-831F7C319433}.Release|x86.ActiveCfg = Release|Any CPU
		{A61EB265-7669-435F-BF20-831F7C319433}.Release|x86.Build.0 = Release|Any CPU
		{F016451B-6C70-419B-A42B-997183F2DD73}.Debug|Any CPU.ActiveCfg = Debug|Any CPU
		{F016451B-6C70-419B-A42B-997183F2DD73}.Debug|Any CPU.Build.0 = Debug|Any CPU
		{F016451B-6C70-419B-A42B-997183F2DD73}.Debug|x64.ActiveCfg = Debug|Any CPU
		{F016451B-6C70-419B-A42B-997183F2DD73}.Debug|x64.Build.0 = Debug|Any CPU
		{F016451B-6C70-419B-A42B-997183F2DD73}.Debug|x86.ActiveCfg = Debug|Any CPU
		{F016451B-6C70-419B-A42B-997183F2DD73}.Debug|x86.Build.0 = Debug|Any CPU
		{F016451B-6C70-419B-A42B-997183F2DD73}.Release|Any CPU.ActiveCfg = Release|Any CPU
		{F016451B-6C70-419B-A42B-997183F2DD73}.Release|Any CPU.Build.0 = Release|Any CPU
		{F016451B-6C70-419B-A42B-997183F2DD73}.Release|x64.ActiveCfg = Release|Any CPU
		{F016451B-6C70-419B-A42B-997183F2DD73}.Release|x64.Build.0 = Release|Any CPU
		{F016451B-6C70-419B-A42B-997183F2DD73}.Release|x86.ActiveCfg = Release|Any CPU
		{F016451B-6C70-419B-A42B-997183F2DD73}.Release|x86.Build.0 = Release|Any CPU
		{1FC80C0E-D043-4ED0-94F9-53215E281938}.Debug|Any CPU.ActiveCfg = Debug|Any CPU
		{1FC80C0E-D043-4ED0-94F9-53215E281938}.Debug|Any CPU.Build.0 = Debug|Any CPU
		{1FC80C0E-D043-4ED0-94F9-53215E281938}.Debug|x64.ActiveCfg = Debug|Any CPU
		{1FC80C0E-D043-4ED0-94F9-53215E281938}.Debug|x64.Build.0 = Debug|Any CPU
		{1FC80C0E-D043-4ED0-94F9-53215E281938}.Debug|x86.ActiveCfg = Debug|Any CPU
		{1FC80C0E-D043-4ED0-94F9-53215E281938}.Debug|x86.Build.0 = Debug|Any CPU
		{1FC80C0E-D043-4ED0-94F9-53215E281938}.Release|Any CPU.ActiveCfg = Release|Any CPU
		{1FC80C0E-D043-4ED0-94F9-53215E281938}.Release|Any CPU.Build.0 = Release|Any CPU
		{1FC80C0E-D043-4ED0-94F9-53215E281938}.Release|x64.ActiveCfg = Release|Any CPU
		{1FC80C0E-D043-4ED0-94F9-53215E281938}.Release|x64.Build.0 = Release|Any CPU
		{1FC80C0E-D043-4ED0-94F9-53215E281938}.Release|x86.ActiveCfg = Release|Any CPU
		{1FC80C0E-D043-4ED0-94F9-53215E281938}.Release|x86.Build.0 = Release|Any CPU
		{F3BBDAC5-0AD2-4F78-A987-758583BF7E00}.Debug|Any CPU.ActiveCfg = Debug|Any CPU
		{F3BBDAC5-0AD2-4F78-A987-758583BF7E00}.Debug|Any CPU.Build.0 = Debug|Any CPU
		{F3BBDAC5-0AD2-4F78-A987-758583BF7E00}.Debug|x64.ActiveCfg = Debug|Any CPU
		{F3BBDAC5-0AD2-4F78-A987-758583BF7E00}.Debug|x64.Build.0 = Debug|Any CPU
		{F3BBDAC5-0AD2-4F78-A987-758583BF7E00}.Debug|x86.ActiveCfg = Debug|Any CPU
		{F3BBDAC5-0AD2-4F78-A987-758583BF7E00}.Debug|x86.Build.0 = Debug|Any CPU
		{F3BBDAC5-0AD2-4F78-A987-758583BF7E00}.Release|Any CPU.ActiveCfg = Release|Any CPU
		{F3BBDAC5-0AD2-4F78-A987-758583BF7E00}.Release|Any CPU.Build.0 = Release|Any CPU
		{F3BBDAC5-0AD2-4F78-A987-758583BF7E00}.Release|x64.ActiveCfg = Release|Any CPU
		{F3BBDAC5-0AD2-4F78-A987-758583BF7E00}.Release|x64.Build.0 = Release|Any CPU
		{F3BBDAC5-0AD2-4F78-A987-758583BF7E00}.Release|x86.ActiveCfg = Release|Any CPU
		{F3BBDAC5-0AD2-4F78-A987-758583BF7E00}.Release|x86.Build.0 = Release|Any CPU
		{33AA954D-120E-4C82-A270-728F53C38668}.Debug|Any CPU.ActiveCfg = Debug|Any CPU
		{33AA954D-120E-4C82-A270-728F53C38668}.Debug|Any CPU.Build.0 = Debug|Any CPU
		{33AA954D-120E-4C82-A270-728F53C38668}.Debug|x64.ActiveCfg = Debug|Any CPU
		{33AA954D-120E-4C82-A270-728F53C38668}.Debug|x64.Build.0 = Debug|Any CPU
		{33AA954D-120E-4C82-A270-728F53C38668}.Debug|x86.ActiveCfg = Debug|Any CPU
		{33AA954D-120E-4C82-A270-728F53C38668}.Debug|x86.Build.0 = Debug|Any CPU
		{33AA954D-120E-4C82-A270-728F53C38668}.Release|Any CPU.ActiveCfg = Release|Any CPU
		{33AA954D-120E-4C82-A270-728F53C38668}.Release|Any CPU.Build.0 = Release|Any CPU
		{33AA954D-120E-4C82-A270-728F53C38668}.Release|x64.ActiveCfg = Release|Any CPU
		{33AA954D-120E-4C82-A270-728F53C38668}.Release|x64.Build.0 = Release|Any CPU
		{33AA954D-120E-4C82-A270-728F53C38668}.Release|x86.ActiveCfg = Release|Any CPU
		{33AA954D-120E-4C82-A270-728F53C38668}.Release|x86.Build.0 = Release|Any CPU
		{4C39AC7E-6A17-48A0-A40E-BB049FFDA14B}.Debug|Any CPU.ActiveCfg = Debug|Any CPU
		{4C39AC7E-6A17-48A0-A40E-BB049FFDA14B}.Debug|Any CPU.Build.0 = Debug|Any CPU
		{4C39AC7E-6A17-48A0-A40E-BB049FFDA14B}.Debug|x64.ActiveCfg = Debug|Any CPU
		{4C39AC7E-6A17-48A0-A40E-BB049FFDA14B}.Debug|x64.Build.0 = Debug|Any CPU
		{4C39AC7E-6A17-48A0-A40E-BB049FFDA14B}.Debug|x86.ActiveCfg = Debug|Any CPU
		{4C39AC7E-6A17-48A0-A40E-BB049FFDA14B}.Debug|x86.Build.0 = Debug|Any CPU
		{4C39AC7E-6A17-48A0-A40E-BB049FFDA14B}.Release|Any CPU.ActiveCfg = Release|Any CPU
		{4C39AC7E-6A17-48A0-A40E-BB049FFDA14B}.Release|Any CPU.Build.0 = Release|Any CPU
		{4C39AC7E-6A17-48A0-A40E-BB049FFDA14B}.Release|x64.ActiveCfg = Release|Any CPU
		{4C39AC7E-6A17-48A0-A40E-BB049FFDA14B}.Release|x64.Build.0 = Release|Any CPU
		{4C39AC7E-6A17-48A0-A40E-BB049FFDA14B}.Release|x86.ActiveCfg = Release|Any CPU
		{4C39AC7E-6A17-48A0-A40E-BB049FFDA14B}.Release|x86.Build.0 = Release|Any CPU
		{5047A44D-83EB-479B-A220-45B42584475F}.Debug|Any CPU.ActiveCfg = Debug|Any CPU
		{5047A44D-83EB-479B-A220-45B42584475F}.Debug|Any CPU.Build.0 = Debug|Any CPU
		{5047A44D-83EB-479B-A220-45B42584475F}.Debug|x64.ActiveCfg = Debug|x64
		{5047A44D-83EB-479B-A220-45B42584475F}.Debug|x64.Build.0 = Debug|x64
		{5047A44D-83EB-479B-A220-45B42584475F}.Debug|x86.ActiveCfg = Debug|x86
		{5047A44D-83EB-479B-A220-45B42584475F}.Debug|x86.Build.0 = Debug|x86
		{5047A44D-83EB-479B-A220-45B42584475F}.Release|Any CPU.ActiveCfg = Release|Any CPU
		{5047A44D-83EB-479B-A220-45B42584475F}.Release|Any CPU.Build.0 = Release|Any CPU
		{5047A44D-83EB-479B-A220-45B42584475F}.Release|x64.ActiveCfg = Release|x64
		{5047A44D-83EB-479B-A220-45B42584475F}.Release|x64.Build.0 = Release|x64
		{5047A44D-83EB-479B-A220-45B42584475F}.Release|x86.ActiveCfg = Release|x86
		{5047A44D-83EB-479B-A220-45B42584475F}.Release|x86.Build.0 = Release|x86
		{7A0A3695-C2A6-42FC-85FD-D006E2734295}.Debug|Any CPU.ActiveCfg = Debug|Any CPU
		{7A0A3695-C2A6-42FC-85FD-D006E2734295}.Debug|Any CPU.Build.0 = Debug|Any CPU
		{7A0A3695-C2A6-42FC-85FD-D006E2734295}.Debug|x64.ActiveCfg = Debug|Any CPU
		{7A0A3695-C2A6-42FC-85FD-D006E2734295}.Debug|x64.Build.0 = Debug|Any CPU
		{7A0A3695-C2A6-42FC-85FD-D006E2734295}.Debug|x86.ActiveCfg = Debug|Any CPU
		{7A0A3695-C2A6-42FC-85FD-D006E2734295}.Debug|x86.Build.0 = Debug|Any CPU
		{7A0A3695-C2A6-42FC-85FD-D006E2734295}.Release|Any CPU.ActiveCfg = Release|Any CPU
		{7A0A3695-C2A6-42FC-85FD-D006E2734295}.Release|Any CPU.Build.0 = Release|Any CPU
		{7A0A3695-C2A6-42FC-85FD-D006E2734295}.Release|x64.ActiveCfg = Release|Any CPU
		{7A0A3695-C2A6-42FC-85FD-D006E2734295}.Release|x64.Build.0 = Release|Any CPU
		{7A0A3695-C2A6-42FC-85FD-D006E2734295}.Release|x86.ActiveCfg = Release|Any CPU
		{7A0A3695-C2A6-42FC-85FD-D006E2734295}.Release|x86.Build.0 = Release|Any CPU
		{19EBB7C4-E55B-4486-A5CE-861945F8A336}.Debug|Any CPU.ActiveCfg = Debug|Any CPU
		{19EBB7C4-E55B-4486-A5CE-861945F8A336}.Debug|Any CPU.Build.0 = Debug|Any CPU
		{19EBB7C4-E55B-4486-A5CE-861945F8A336}.Debug|x64.ActiveCfg = Debug|Any CPU
		{19EBB7C4-E55B-4486-A5CE-861945F8A336}.Debug|x64.Build.0 = Debug|Any CPU
		{19EBB7C4-E55B-4486-A5CE-861945F8A336}.Debug|x86.ActiveCfg = Debug|Any CPU
		{19EBB7C4-E55B-4486-A5CE-861945F8A336}.Debug|x86.Build.0 = Debug|Any CPU
		{19EBB7C4-E55B-4486-A5CE-861945F8A336}.Release|Any CPU.ActiveCfg = Release|Any CPU
		{19EBB7C4-E55B-4486-A5CE-861945F8A336}.Release|Any CPU.Build.0 = Release|Any CPU
		{19EBB7C4-E55B-4486-A5CE-861945F8A336}.Release|x64.ActiveCfg = Release|Any CPU
		{19EBB7C4-E55B-4486-A5CE-861945F8A336}.Release|x64.Build.0 = Release|Any CPU
		{19EBB7C4-E55B-4486-A5CE-861945F8A336}.Release|x86.ActiveCfg = Release|Any CPU
		{19EBB7C4-E55B-4486-A5CE-861945F8A336}.Release|x86.Build.0 = Release|Any CPU
		{DF5FB5E8-D3F1-454D-9700-C57F94B41EBA}.Debug|Any CPU.ActiveCfg = Debug|Any CPU
		{DF5FB5E8-D3F1-454D-9700-C57F94B41EBA}.Debug|Any CPU.Build.0 = Debug|Any CPU
		{DF5FB5E8-D3F1-454D-9700-C57F94B41EBA}.Debug|x64.ActiveCfg = Debug|Any CPU
		{DF5FB5E8-D3F1-454D-9700-C57F94B41EBA}.Debug|x64.Build.0 = Debug|Any CPU
		{DF5FB5E8-D3F1-454D-9700-C57F94B41EBA}.Debug|x86.ActiveCfg = Debug|Any CPU
		{DF5FB5E8-D3F1-454D-9700-C57F94B41EBA}.Debug|x86.Build.0 = Debug|Any CPU
		{DF5FB5E8-D3F1-454D-9700-C57F94B41EBA}.Release|Any CPU.ActiveCfg = Release|Any CPU
		{DF5FB5E8-D3F1-454D-9700-C57F94B41EBA}.Release|Any CPU.Build.0 = Release|Any CPU
		{DF5FB5E8-D3F1-454D-9700-C57F94B41EBA}.Release|x64.ActiveCfg = Release|Any CPU
		{DF5FB5E8-D3F1-454D-9700-C57F94B41EBA}.Release|x64.Build.0 = Release|Any CPU
		{DF5FB5E8-D3F1-454D-9700-C57F94B41EBA}.Release|x86.ActiveCfg = Release|Any CPU
		{DF5FB5E8-D3F1-454D-9700-C57F94B41EBA}.Release|x86.Build.0 = Release|Any CPU
		{AC491325-FD44-4F9C-90BA-D9886C96ACCE}.Debug|Any CPU.ActiveCfg = Debug|Any CPU
		{AC491325-FD44-4F9C-90BA-D9886C96ACCE}.Debug|Any CPU.Build.0 = Debug|Any CPU
		{AC491325-FD44-4F9C-90BA-D9886C96ACCE}.Debug|x64.ActiveCfg = Debug|Any CPU
		{AC491325-FD44-4F9C-90BA-D9886C96ACCE}.Debug|x64.Build.0 = Debug|Any CPU
		{AC491325-FD44-4F9C-90BA-D9886C96ACCE}.Debug|x86.ActiveCfg = Debug|Any CPU
		{AC491325-FD44-4F9C-90BA-D9886C96ACCE}.Debug|x86.Build.0 = Debug|Any CPU
		{AC491325-FD44-4F9C-90BA-D9886C96ACCE}.Release|Any CPU.ActiveCfg = Release|Any CPU
		{AC491325-FD44-4F9C-90BA-D9886C96ACCE}.Release|Any CPU.Build.0 = Release|Any CPU
		{AC491325-FD44-4F9C-90BA-D9886C96ACCE}.Release|x64.ActiveCfg = Release|Any CPU
		{AC491325-FD44-4F9C-90BA-D9886C96ACCE}.Release|x64.Build.0 = Release|Any CPU
		{AC491325-FD44-4F9C-90BA-D9886C96ACCE}.Release|x86.ActiveCfg = Release|Any CPU
		{AC491325-FD44-4F9C-90BA-D9886C96ACCE}.Release|x86.Build.0 = Release|Any CPU
		{ED37D9CA-ABB3-44EA-8AE6-C239A0EA706C}.Debug|Any CPU.ActiveCfg = Debug|Any CPU
		{ED37D9CA-ABB3-44EA-8AE6-C239A0EA706C}.Debug|Any CPU.Build.0 = Debug|Any CPU
		{ED37D9CA-ABB3-44EA-8AE6-C239A0EA706C}.Debug|x64.ActiveCfg = Debug|Any CPU
		{ED37D9CA-ABB3-44EA-8AE6-C239A0EA706C}.Debug|x64.Build.0 = Debug|Any CPU
		{ED37D9CA-ABB3-44EA-8AE6-C239A0EA706C}.Debug|x86.ActiveCfg = Debug|Any CPU
		{ED37D9CA-ABB3-44EA-8AE6-C239A0EA706C}.Debug|x86.Build.0 = Debug|Any CPU
		{ED37D9CA-ABB3-44EA-8AE6-C239A0EA706C}.Release|Any CPU.ActiveCfg = Release|Any CPU
		{ED37D9CA-ABB3-44EA-8AE6-C239A0EA706C}.Release|Any CPU.Build.0 = Release|Any CPU
		{ED37D9CA-ABB3-44EA-8AE6-C239A0EA706C}.Release|x64.ActiveCfg = Release|Any CPU
		{ED37D9CA-ABB3-44EA-8AE6-C239A0EA706C}.Release|x64.Build.0 = Release|Any CPU
		{ED37D9CA-ABB3-44EA-8AE6-C239A0EA706C}.Release|x86.ActiveCfg = Release|Any CPU
		{ED37D9CA-ABB3-44EA-8AE6-C239A0EA706C}.Release|x86.Build.0 = Release|Any CPU
		{EF0EEE74-3AC4-4672-8C45-A780E72076B8}.Debug|Any CPU.ActiveCfg = Debug|Any CPU
		{EF0EEE74-3AC4-4672-8C45-A780E72076B8}.Debug|Any CPU.Build.0 = Debug|Any CPU
		{EF0EEE74-3AC4-4672-8C45-A780E72076B8}.Debug|x64.ActiveCfg = Debug|Any CPU
		{EF0EEE74-3AC4-4672-8C45-A780E72076B8}.Debug|x64.Build.0 = Debug|Any CPU
		{EF0EEE74-3AC4-4672-8C45-A780E72076B8}.Debug|x86.ActiveCfg = Debug|Any CPU
		{EF0EEE74-3AC4-4672-8C45-A780E72076B8}.Debug|x86.Build.0 = Debug|Any CPU
		{EF0EEE74-3AC4-4672-8C45-A780E72076B8}.Release|Any CPU.ActiveCfg = Release|Any CPU
		{EF0EEE74-3AC4-4672-8C45-A780E72076B8}.Release|Any CPU.Build.0 = Release|Any CPU
		{EF0EEE74-3AC4-4672-8C45-A780E72076B8}.Release|x64.ActiveCfg = Release|Any CPU
		{EF0EEE74-3AC4-4672-8C45-A780E72076B8}.Release|x64.Build.0 = Release|Any CPU
		{EF0EEE74-3AC4-4672-8C45-A780E72076B8}.Release|x86.ActiveCfg = Release|Any CPU
		{EF0EEE74-3AC4-4672-8C45-A780E72076B8}.Release|x86.Build.0 = Release|Any CPU
		{2C06A473-15C1-44CA-BB84-4704D3CCF8B6}.Debug|Any CPU.ActiveCfg = Debug|Any CPU
		{2C06A473-15C1-44CA-BB84-4704D3CCF8B6}.Debug|Any CPU.Build.0 = Debug|Any CPU
		{2C06A473-15C1-44CA-BB84-4704D3CCF8B6}.Debug|x64.ActiveCfg = Debug|Any CPU
		{2C06A473-15C1-44CA-BB84-4704D3CCF8B6}.Debug|x64.Build.0 = Debug|Any CPU
		{2C06A473-15C1-44CA-BB84-4704D3CCF8B6}.Debug|x86.ActiveCfg = Debug|Any CPU
		{2C06A473-15C1-44CA-BB84-4704D3CCF8B6}.Debug|x86.Build.0 = Debug|Any CPU
		{2C06A473-15C1-44CA-BB84-4704D3CCF8B6}.Release|Any CPU.ActiveCfg = Release|Any CPU
		{2C06A473-15C1-44CA-BB84-4704D3CCF8B6}.Release|Any CPU.Build.0 = Release|Any CPU
		{2C06A473-15C1-44CA-BB84-4704D3CCF8B6}.Release|x64.ActiveCfg = Release|Any CPU
		{2C06A473-15C1-44CA-BB84-4704D3CCF8B6}.Release|x64.Build.0 = Release|Any CPU
		{2C06A473-15C1-44CA-BB84-4704D3CCF8B6}.Release|x86.ActiveCfg = Release|Any CPU
		{2C06A473-15C1-44CA-BB84-4704D3CCF8B6}.Release|x86.Build.0 = Release|Any CPU
		{2ECCA326-DA2E-4B3E-8152-459FF716B7FC}.Debug|Any CPU.ActiveCfg = Debug|Any CPU
		{2ECCA326-DA2E-4B3E-8152-459FF716B7FC}.Debug|Any CPU.Build.0 = Debug|Any CPU
		{2ECCA326-DA2E-4B3E-8152-459FF716B7FC}.Debug|x64.ActiveCfg = Debug|Any CPU
		{2ECCA326-DA2E-4B3E-8152-459FF716B7FC}.Debug|x64.Build.0 = Debug|Any CPU
		{2ECCA326-DA2E-4B3E-8152-459FF716B7FC}.Debug|x86.ActiveCfg = Debug|Any CPU
		{2ECCA326-DA2E-4B3E-8152-459FF716B7FC}.Debug|x86.Build.0 = Debug|Any CPU
		{2ECCA326-DA2E-4B3E-8152-459FF716B7FC}.Release|Any CPU.ActiveCfg = Release|Any CPU
		{2ECCA326-DA2E-4B3E-8152-459FF716B7FC}.Release|Any CPU.Build.0 = Release|Any CPU
		{2ECCA326-DA2E-4B3E-8152-459FF716B7FC}.Release|x64.ActiveCfg = Release|Any CPU
		{2ECCA326-DA2E-4B3E-8152-459FF716B7FC}.Release|x64.Build.0 = Release|Any CPU
		{2ECCA326-DA2E-4B3E-8152-459FF716B7FC}.Release|x86.ActiveCfg = Release|Any CPU
		{2ECCA326-DA2E-4B3E-8152-459FF716B7FC}.Release|x86.Build.0 = Release|Any CPU
		{304ECE55-EA44-4E47-AD10-EB313DD9EC92}.Debug|Any CPU.ActiveCfg = Debug|Any CPU
		{304ECE55-EA44-4E47-AD10-EB313DD9EC92}.Debug|Any CPU.Build.0 = Debug|Any CPU
		{304ECE55-EA44-4E47-AD10-EB313DD9EC92}.Debug|x64.ActiveCfg = Debug|Any CPU
		{304ECE55-EA44-4E47-AD10-EB313DD9EC92}.Debug|x64.Build.0 = Debug|Any CPU
		{304ECE55-EA44-4E47-AD10-EB313DD9EC92}.Debug|x86.ActiveCfg = Debug|Any CPU
		{304ECE55-EA44-4E47-AD10-EB313DD9EC92}.Debug|x86.Build.0 = Debug|Any CPU
		{304ECE55-EA44-4E47-AD10-EB313DD9EC92}.Release|Any CPU.ActiveCfg = Release|Any CPU
		{304ECE55-EA44-4E47-AD10-EB313DD9EC92}.Release|Any CPU.Build.0 = Release|Any CPU
		{304ECE55-EA44-4E47-AD10-EB313DD9EC92}.Release|x64.ActiveCfg = Release|Any CPU
		{304ECE55-EA44-4E47-AD10-EB313DD9EC92}.Release|x64.Build.0 = Release|Any CPU
		{304ECE55-EA44-4E47-AD10-EB313DD9EC92}.Release|x86.ActiveCfg = Release|Any CPU
		{304ECE55-EA44-4E47-AD10-EB313DD9EC92}.Release|x86.Build.0 = Release|Any CPU
		{A00590A9-41DA-48E5-97BB-69B246AAEFF0}.Debug|Any CPU.ActiveCfg = Debug|Any CPU
		{A00590A9-41DA-48E5-97BB-69B246AAEFF0}.Debug|Any CPU.Build.0 = Debug|Any CPU
		{A00590A9-41DA-48E5-97BB-69B246AAEFF0}.Debug|x64.ActiveCfg = Debug|Any CPU
		{A00590A9-41DA-48E5-97BB-69B246AAEFF0}.Debug|x64.Build.0 = Debug|Any CPU
		{A00590A9-41DA-48E5-97BB-69B246AAEFF0}.Debug|x86.ActiveCfg = Debug|Any CPU
		{A00590A9-41DA-48E5-97BB-69B246AAEFF0}.Debug|x86.Build.0 = Debug|Any CPU
		{A00590A9-41DA-48E5-97BB-69B246AAEFF0}.Release|Any CPU.ActiveCfg = Release|Any CPU
		{A00590A9-41DA-48E5-97BB-69B246AAEFF0}.Release|Any CPU.Build.0 = Release|Any CPU
		{A00590A9-41DA-48E5-97BB-69B246AAEFF0}.Release|x64.ActiveCfg = Release|Any CPU
		{A00590A9-41DA-48E5-97BB-69B246AAEFF0}.Release|x64.Build.0 = Release|Any CPU
		{A00590A9-41DA-48E5-97BB-69B246AAEFF0}.Release|x86.ActiveCfg = Release|Any CPU
		{A00590A9-41DA-48E5-97BB-69B246AAEFF0}.Release|x86.Build.0 = Release|Any CPU
		{B8BFE6D6-BAC6-4C99-AC87-0583AAACA2AC}.Debug|Any CPU.ActiveCfg = Debug|Any CPU
		{B8BFE6D6-BAC6-4C99-AC87-0583AAACA2AC}.Debug|Any CPU.Build.0 = Debug|Any CPU
		{B8BFE6D6-BAC6-4C99-AC87-0583AAACA2AC}.Debug|x64.ActiveCfg = Debug|Any CPU
		{B8BFE6D6-BAC6-4C99-AC87-0583AAACA2AC}.Debug|x64.Build.0 = Debug|Any CPU
		{B8BFE6D6-BAC6-4C99-AC87-0583AAACA2AC}.Debug|x86.ActiveCfg = Debug|Any CPU
		{B8BFE6D6-BAC6-4C99-AC87-0583AAACA2AC}.Debug|x86.Build.0 = Debug|Any CPU
		{B8BFE6D6-BAC6-4C99-AC87-0583AAACA2AC}.Release|Any CPU.ActiveCfg = Release|Any CPU
		{B8BFE6D6-BAC6-4C99-AC87-0583AAACA2AC}.Release|Any CPU.Build.0 = Release|Any CPU
		{B8BFE6D6-BAC6-4C99-AC87-0583AAACA2AC}.Release|x64.ActiveCfg = Release|Any CPU
		{B8BFE6D6-BAC6-4C99-AC87-0583AAACA2AC}.Release|x64.Build.0 = Release|Any CPU
		{B8BFE6D6-BAC6-4C99-AC87-0583AAACA2AC}.Release|x86.ActiveCfg = Release|Any CPU
		{B8BFE6D6-BAC6-4C99-AC87-0583AAACA2AC}.Release|x86.Build.0 = Release|Any CPU
		{FB0EF4C0-08D6-43A3-A866-4E590EDDF082}.Debug|Any CPU.ActiveCfg = Debug|Any CPU
		{FB0EF4C0-08D6-43A3-A866-4E590EDDF082}.Debug|Any CPU.Build.0 = Debug|Any CPU
		{FB0EF4C0-08D6-43A3-A866-4E590EDDF082}.Debug|x64.ActiveCfg = Debug|Any CPU
		{FB0EF4C0-08D6-43A3-A866-4E590EDDF082}.Debug|x64.Build.0 = Debug|Any CPU
		{FB0EF4C0-08D6-43A3-A866-4E590EDDF082}.Debug|x86.ActiveCfg = Debug|Any CPU
		{FB0EF4C0-08D6-43A3-A866-4E590EDDF082}.Debug|x86.Build.0 = Debug|Any CPU
		{FB0EF4C0-08D6-43A3-A866-4E590EDDF082}.Release|Any CPU.ActiveCfg = Release|Any CPU
		{FB0EF4C0-08D6-43A3-A866-4E590EDDF082}.Release|Any CPU.Build.0 = Release|Any CPU
		{FB0EF4C0-08D6-43A3-A866-4E590EDDF082}.Release|x64.ActiveCfg = Release|Any CPU
		{FB0EF4C0-08D6-43A3-A866-4E590EDDF082}.Release|x64.Build.0 = Release|Any CPU
		{FB0EF4C0-08D6-43A3-A866-4E590EDDF082}.Release|x86.ActiveCfg = Release|Any CPU
		{FB0EF4C0-08D6-43A3-A866-4E590EDDF082}.Release|x86.Build.0 = Release|Any CPU
		{0DED780C-FF5E-4104-9633-04CEF635A382}.Debug|Any CPU.ActiveCfg = Debug|Any CPU
		{0DED780C-FF5E-4104-9633-04CEF635A382}.Debug|Any CPU.Build.0 = Debug|Any CPU
		{0DED780C-FF5E-4104-9633-04CEF635A382}.Debug|x64.ActiveCfg = Debug|Any CPU
		{0DED780C-FF5E-4104-9633-04CEF635A382}.Debug|x64.Build.0 = Debug|Any CPU
		{0DED780C-FF5E-4104-9633-04CEF635A382}.Debug|x86.ActiveCfg = Debug|Any CPU
		{0DED780C-FF5E-4104-9633-04CEF635A382}.Debug|x86.Build.0 = Debug|Any CPU
		{0DED780C-FF5E-4104-9633-04CEF635A382}.Release|Any CPU.ActiveCfg = Release|Any CPU
		{0DED780C-FF5E-4104-9633-04CEF635A382}.Release|Any CPU.Build.0 = Release|Any CPU
		{0DED780C-FF5E-4104-9633-04CEF635A382}.Release|x64.ActiveCfg = Release|Any CPU
		{0DED780C-FF5E-4104-9633-04CEF635A382}.Release|x64.Build.0 = Release|Any CPU
		{0DED780C-FF5E-4104-9633-04CEF635A382}.Release|x86.ActiveCfg = Release|Any CPU
		{0DED780C-FF5E-4104-9633-04CEF635A382}.Release|x86.Build.0 = Release|Any CPU
		{69130D98-55A0-4C0D-91A4-7265C655B009}.Debug|Any CPU.ActiveCfg = Debug|Any CPU
		{69130D98-55A0-4C0D-91A4-7265C655B009}.Debug|Any CPU.Build.0 = Debug|Any CPU
		{69130D98-55A0-4C0D-91A4-7265C655B009}.Debug|x64.ActiveCfg = Debug|Any CPU
		{69130D98-55A0-4C0D-91A4-7265C655B009}.Debug|x64.Build.0 = Debug|Any CPU
		{69130D98-55A0-4C0D-91A4-7265C655B009}.Debug|x86.ActiveCfg = Debug|Any CPU
		{69130D98-55A0-4C0D-91A4-7265C655B009}.Debug|x86.Build.0 = Debug|Any CPU
		{69130D98-55A0-4C0D-91A4-7265C655B009}.Release|Any CPU.ActiveCfg = Release|Any CPU
		{69130D98-55A0-4C0D-91A4-7265C655B009}.Release|Any CPU.Build.0 = Release|Any CPU
		{69130D98-55A0-4C0D-91A4-7265C655B009}.Release|x64.ActiveCfg = Release|Any CPU
		{69130D98-55A0-4C0D-91A4-7265C655B009}.Release|x64.Build.0 = Release|Any CPU
		{69130D98-55A0-4C0D-91A4-7265C655B009}.Release|x86.ActiveCfg = Release|Any CPU
		{69130D98-55A0-4C0D-91A4-7265C655B009}.Release|x86.Build.0 = Release|Any CPU
		{CF45C2F7-3DC5-4BDA-97A1-F10AA85AF951}.Debug|Any CPU.ActiveCfg = Debug|Any CPU
		{CF45C2F7-3DC5-4BDA-97A1-F10AA85AF951}.Debug|Any CPU.Build.0 = Debug|Any CPU
		{CF45C2F7-3DC5-4BDA-97A1-F10AA85AF951}.Debug|x64.ActiveCfg = Debug|Any CPU
		{CF45C2F7-3DC5-4BDA-97A1-F10AA85AF951}.Debug|x64.Build.0 = Debug|Any CPU
		{CF45C2F7-3DC5-4BDA-97A1-F10AA85AF951}.Debug|x86.ActiveCfg = Debug|Any CPU
		{CF45C2F7-3DC5-4BDA-97A1-F10AA85AF951}.Debug|x86.Build.0 = Debug|Any CPU
		{CF45C2F7-3DC5-4BDA-97A1-F10AA85AF951}.Release|Any CPU.ActiveCfg = Release|Any CPU
		{CF45C2F7-3DC5-4BDA-97A1-F10AA85AF951}.Release|Any CPU.Build.0 = Release|Any CPU
		{CF45C2F7-3DC5-4BDA-97A1-F10AA85AF951}.Release|x64.ActiveCfg = Release|Any CPU
		{CF45C2F7-3DC5-4BDA-97A1-F10AA85AF951}.Release|x64.Build.0 = Release|Any CPU
		{CF45C2F7-3DC5-4BDA-97A1-F10AA85AF951}.Release|x86.ActiveCfg = Release|Any CPU
		{CF45C2F7-3DC5-4BDA-97A1-F10AA85AF951}.Release|x86.Build.0 = Release|Any CPU
		{095F0F6E-740B-4C20-A5BA-033471D5454F}.Debug|Any CPU.ActiveCfg = Debug|Any CPU
		{095F0F6E-740B-4C20-A5BA-033471D5454F}.Debug|Any CPU.Build.0 = Debug|Any CPU
		{095F0F6E-740B-4C20-A5BA-033471D5454F}.Debug|x64.ActiveCfg = Debug|Any CPU
		{095F0F6E-740B-4C20-A5BA-033471D5454F}.Debug|x64.Build.0 = Debug|Any CPU
		{095F0F6E-740B-4C20-A5BA-033471D5454F}.Debug|x86.ActiveCfg = Debug|Any CPU
		{095F0F6E-740B-4C20-A5BA-033471D5454F}.Debug|x86.Build.0 = Debug|Any CPU
		{095F0F6E-740B-4C20-A5BA-033471D5454F}.Release|Any CPU.ActiveCfg = Release|Any CPU
		{095F0F6E-740B-4C20-A5BA-033471D5454F}.Release|Any CPU.Build.0 = Release|Any CPU
		{095F0F6E-740B-4C20-A5BA-033471D5454F}.Release|x64.ActiveCfg = Release|Any CPU
		{095F0F6E-740B-4C20-A5BA-033471D5454F}.Release|x64.Build.0 = Release|Any CPU
		{095F0F6E-740B-4C20-A5BA-033471D5454F}.Release|x86.ActiveCfg = Release|Any CPU
		{095F0F6E-740B-4C20-A5BA-033471D5454F}.Release|x86.Build.0 = Release|Any CPU
		{A16C2502-20EB-4D06-98CF-39ED628C4739}.Debug|Any CPU.ActiveCfg = Debug|Any CPU
		{A16C2502-20EB-4D06-98CF-39ED628C4739}.Debug|Any CPU.Build.0 = Debug|Any CPU
		{A16C2502-20EB-4D06-98CF-39ED628C4739}.Debug|x64.ActiveCfg = Debug|Any CPU
		{A16C2502-20EB-4D06-98CF-39ED628C4739}.Debug|x64.Build.0 = Debug|Any CPU
		{A16C2502-20EB-4D06-98CF-39ED628C4739}.Debug|x86.ActiveCfg = Debug|Any CPU
		{A16C2502-20EB-4D06-98CF-39ED628C4739}.Debug|x86.Build.0 = Debug|Any CPU
		{A16C2502-20EB-4D06-98CF-39ED628C4739}.Release|Any CPU.ActiveCfg = Release|Any CPU
		{A16C2502-20EB-4D06-98CF-39ED628C4739}.Release|Any CPU.Build.0 = Release|Any CPU
		{A16C2502-20EB-4D06-98CF-39ED628C4739}.Release|x64.ActiveCfg = Release|Any CPU
		{A16C2502-20EB-4D06-98CF-39ED628C4739}.Release|x64.Build.0 = Release|Any CPU
		{A16C2502-20EB-4D06-98CF-39ED628C4739}.Release|x86.ActiveCfg = Release|Any CPU
		{A16C2502-20EB-4D06-98CF-39ED628C4739}.Release|x86.Build.0 = Release|Any CPU
		{C520B5DA-EE48-4876-867E-0CBDD635C536}.Debug|Any CPU.ActiveCfg = Debug|Any CPU
		{C520B5DA-EE48-4876-867E-0CBDD635C536}.Debug|Any CPU.Build.0 = Debug|Any CPU
		{C520B5DA-EE48-4876-867E-0CBDD635C536}.Debug|x64.ActiveCfg = Debug|Any CPU
		{C520B5DA-EE48-4876-867E-0CBDD635C536}.Debug|x64.Build.0 = Debug|Any CPU
		{C520B5DA-EE48-4876-867E-0CBDD635C536}.Debug|x86.ActiveCfg = Debug|Any CPU
		{C520B5DA-EE48-4876-867E-0CBDD635C536}.Debug|x86.Build.0 = Debug|Any CPU
		{C520B5DA-EE48-4876-867E-0CBDD635C536}.Release|Any CPU.ActiveCfg = Release|Any CPU
		{C520B5DA-EE48-4876-867E-0CBDD635C536}.Release|Any CPU.Build.0 = Release|Any CPU
		{C520B5DA-EE48-4876-867E-0CBDD635C536}.Release|x64.ActiveCfg = Release|Any CPU
		{C520B5DA-EE48-4876-867E-0CBDD635C536}.Release|x64.Build.0 = Release|Any CPU
		{C520B5DA-EE48-4876-867E-0CBDD635C536}.Release|x86.ActiveCfg = Release|Any CPU
		{C520B5DA-EE48-4876-867E-0CBDD635C536}.Release|x86.Build.0 = Release|Any CPU
		{2FDA7A25-0688-426F-94D2-BDFD576843C7}.Debug|Any CPU.ActiveCfg = Debug|Any CPU
		{2FDA7A25-0688-426F-94D2-BDFD576843C7}.Debug|Any CPU.Build.0 = Debug|Any CPU
		{2FDA7A25-0688-426F-94D2-BDFD576843C7}.Debug|x64.ActiveCfg = Debug|Any CPU
		{2FDA7A25-0688-426F-94D2-BDFD576843C7}.Debug|x64.Build.0 = Debug|Any CPU
		{2FDA7A25-0688-426F-94D2-BDFD576843C7}.Debug|x86.ActiveCfg = Debug|Any CPU
		{2FDA7A25-0688-426F-94D2-BDFD576843C7}.Debug|x86.Build.0 = Debug|Any CPU
		{2FDA7A25-0688-426F-94D2-BDFD576843C7}.Release|Any CPU.ActiveCfg = Release|Any CPU
		{2FDA7A25-0688-426F-94D2-BDFD576843C7}.Release|Any CPU.Build.0 = Release|Any CPU
		{2FDA7A25-0688-426F-94D2-BDFD576843C7}.Release|x64.ActiveCfg = Release|Any CPU
		{2FDA7A25-0688-426F-94D2-BDFD576843C7}.Release|x64.Build.0 = Release|Any CPU
		{2FDA7A25-0688-426F-94D2-BDFD576843C7}.Release|x86.ActiveCfg = Release|Any CPU
		{2FDA7A25-0688-426F-94D2-BDFD576843C7}.Release|x86.Build.0 = Release|Any CPU
		{48F8DBAD-CAEF-44C6-9CC4-680502857B6B}.Debug|Any CPU.ActiveCfg = Debug|Any CPU
		{48F8DBAD-CAEF-44C6-9CC4-680502857B6B}.Debug|Any CPU.Build.0 = Debug|Any CPU
		{48F8DBAD-CAEF-44C6-9CC4-680502857B6B}.Debug|x64.ActiveCfg = Debug|Any CPU
		{48F8DBAD-CAEF-44C6-9CC4-680502857B6B}.Debug|x64.Build.0 = Debug|Any CPU
		{48F8DBAD-CAEF-44C6-9CC4-680502857B6B}.Debug|x86.ActiveCfg = Debug|Any CPU
		{48F8DBAD-CAEF-44C6-9CC4-680502857B6B}.Debug|x86.Build.0 = Debug|Any CPU
		{48F8DBAD-CAEF-44C6-9CC4-680502857B6B}.Release|Any CPU.ActiveCfg = Release|Any CPU
		{48F8DBAD-CAEF-44C6-9CC4-680502857B6B}.Release|Any CPU.Build.0 = Release|Any CPU
		{48F8DBAD-CAEF-44C6-9CC4-680502857B6B}.Release|x64.ActiveCfg = Release|Any CPU
		{48F8DBAD-CAEF-44C6-9CC4-680502857B6B}.Release|x64.Build.0 = Release|Any CPU
		{48F8DBAD-CAEF-44C6-9CC4-680502857B6B}.Release|x86.ActiveCfg = Release|Any CPU
		{48F8DBAD-CAEF-44C6-9CC4-680502857B6B}.Release|x86.Build.0 = Release|Any CPU
		{6CD55F2A-A40F-4CEC-A3CA-B71BF9A6FCA5}.Debug|Any CPU.ActiveCfg = Debug|Any CPU
		{6CD55F2A-A40F-4CEC-A3CA-B71BF9A6FCA5}.Debug|Any CPU.Build.0 = Debug|Any CPU
		{6CD55F2A-A40F-4CEC-A3CA-B71BF9A6FCA5}.Debug|x64.ActiveCfg = Debug|Any CPU
		{6CD55F2A-A40F-4CEC-A3CA-B71BF9A6FCA5}.Debug|x64.Build.0 = Debug|Any CPU
		{6CD55F2A-A40F-4CEC-A3CA-B71BF9A6FCA5}.Debug|x86.ActiveCfg = Debug|Any CPU
		{6CD55F2A-A40F-4CEC-A3CA-B71BF9A6FCA5}.Debug|x86.Build.0 = Debug|Any CPU
		{6CD55F2A-A40F-4CEC-A3CA-B71BF9A6FCA5}.Release|Any CPU.ActiveCfg = Release|Any CPU
		{6CD55F2A-A40F-4CEC-A3CA-B71BF9A6FCA5}.Release|Any CPU.Build.0 = Release|Any CPU
		{6CD55F2A-A40F-4CEC-A3CA-B71BF9A6FCA5}.Release|x64.ActiveCfg = Release|Any CPU
		{6CD55F2A-A40F-4CEC-A3CA-B71BF9A6FCA5}.Release|x64.Build.0 = Release|Any CPU
		{6CD55F2A-A40F-4CEC-A3CA-B71BF9A6FCA5}.Release|x86.ActiveCfg = Release|Any CPU
		{6CD55F2A-A40F-4CEC-A3CA-B71BF9A6FCA5}.Release|x86.Build.0 = Release|Any CPU
		{F83B5BAF-82F6-4D19-A5B6-FE01FC680E2A}.Debug|Any CPU.ActiveCfg = Debug|Any CPU
		{F83B5BAF-82F6-4D19-A5B6-FE01FC680E2A}.Debug|Any CPU.Build.0 = Debug|Any CPU
		{F83B5BAF-82F6-4D19-A5B6-FE01FC680E2A}.Debug|x64.ActiveCfg = Debug|Any CPU
		{F83B5BAF-82F6-4D19-A5B6-FE01FC680E2A}.Debug|x64.Build.0 = Debug|Any CPU
		{F83B5BAF-82F6-4D19-A5B6-FE01FC680E2A}.Debug|x86.ActiveCfg = Debug|Any CPU
		{F83B5BAF-82F6-4D19-A5B6-FE01FC680E2A}.Debug|x86.Build.0 = Debug|Any CPU
		{F83B5BAF-82F6-4D19-A5B6-FE01FC680E2A}.Release|Any CPU.ActiveCfg = Release|Any CPU
		{F83B5BAF-82F6-4D19-A5B6-FE01FC680E2A}.Release|Any CPU.Build.0 = Release|Any CPU
		{F83B5BAF-82F6-4D19-A5B6-FE01FC680E2A}.Release|x64.ActiveCfg = Release|Any CPU
		{F83B5BAF-82F6-4D19-A5B6-FE01FC680E2A}.Release|x64.Build.0 = Release|Any CPU
		{F83B5BAF-82F6-4D19-A5B6-FE01FC680E2A}.Release|x86.ActiveCfg = Release|Any CPU
		{F83B5BAF-82F6-4D19-A5B6-FE01FC680E2A}.Release|x86.Build.0 = Release|Any CPU
		{3D30C26B-1FF0-406E-91D5-B7C28649D9FB}.Debug|Any CPU.ActiveCfg = Debug|Any CPU
		{3D30C26B-1FF0-406E-91D5-B7C28649D9FB}.Debug|Any CPU.Build.0 = Debug|Any CPU
		{3D30C26B-1FF0-406E-91D5-B7C28649D9FB}.Debug|x64.ActiveCfg = Debug|Any CPU
		{3D30C26B-1FF0-406E-91D5-B7C28649D9FB}.Debug|x64.Build.0 = Debug|Any CPU
		{3D30C26B-1FF0-406E-91D5-B7C28649D9FB}.Debug|x86.ActiveCfg = Debug|Any CPU
		{3D30C26B-1FF0-406E-91D5-B7C28649D9FB}.Debug|x86.Build.0 = Debug|Any CPU
		{3D30C26B-1FF0-406E-91D5-B7C28649D9FB}.Release|Any CPU.ActiveCfg = Release|Any CPU
		{3D30C26B-1FF0-406E-91D5-B7C28649D9FB}.Release|Any CPU.Build.0 = Release|Any CPU
		{3D30C26B-1FF0-406E-91D5-B7C28649D9FB}.Release|x64.ActiveCfg = Release|Any CPU
		{3D30C26B-1FF0-406E-91D5-B7C28649D9FB}.Release|x64.Build.0 = Release|Any CPU
		{3D30C26B-1FF0-406E-91D5-B7C28649D9FB}.Release|x86.ActiveCfg = Release|Any CPU
		{3D30C26B-1FF0-406E-91D5-B7C28649D9FB}.Release|x86.Build.0 = Release|Any CPU
		{C72210B2-5787-4E7C-A277-EDF243B7192E}.Debug|Any CPU.ActiveCfg = Debug|Any CPU
		{C72210B2-5787-4E7C-A277-EDF243B7192E}.Debug|Any CPU.Build.0 = Debug|Any CPU
		{C72210B2-5787-4E7C-A277-EDF243B7192E}.Debug|x64.ActiveCfg = Debug|Any CPU
		{C72210B2-5787-4E7C-A277-EDF243B7192E}.Debug|x64.Build.0 = Debug|Any CPU
		{C72210B2-5787-4E7C-A277-EDF243B7192E}.Debug|x86.ActiveCfg = Debug|Any CPU
		{C72210B2-5787-4E7C-A277-EDF243B7192E}.Debug|x86.Build.0 = Debug|Any CPU
		{C72210B2-5787-4E7C-A277-EDF243B7192E}.Release|Any CPU.ActiveCfg = Release|Any CPU
		{C72210B2-5787-4E7C-A277-EDF243B7192E}.Release|Any CPU.Build.0 = Release|Any CPU
		{C72210B2-5787-4E7C-A277-EDF243B7192E}.Release|x64.ActiveCfg = Release|Any CPU
		{C72210B2-5787-4E7C-A277-EDF243B7192E}.Release|x64.Build.0 = Release|Any CPU
		{C72210B2-5787-4E7C-A277-EDF243B7192E}.Release|x86.ActiveCfg = Release|Any CPU
		{C72210B2-5787-4E7C-A277-EDF243B7192E}.Release|x86.Build.0 = Release|Any CPU
		{E23E3ED8-9B56-41B6-AC16-D5B9DE51574B}.Debug|Any CPU.ActiveCfg = Debug|Any CPU
		{E23E3ED8-9B56-41B6-AC16-D5B9DE51574B}.Debug|Any CPU.Build.0 = Debug|Any CPU
		{E23E3ED8-9B56-41B6-AC16-D5B9DE51574B}.Debug|x64.ActiveCfg = Debug|Any CPU
		{E23E3ED8-9B56-41B6-AC16-D5B9DE51574B}.Debug|x64.Build.0 = Debug|Any CPU
		{E23E3ED8-9B56-41B6-AC16-D5B9DE51574B}.Debug|x86.ActiveCfg = Debug|Any CPU
		{E23E3ED8-9B56-41B6-AC16-D5B9DE51574B}.Debug|x86.Build.0 = Debug|Any CPU
		{E23E3ED8-9B56-41B6-AC16-D5B9DE51574B}.Release|Any CPU.ActiveCfg = Release|Any CPU
		{E23E3ED8-9B56-41B6-AC16-D5B9DE51574B}.Release|Any CPU.Build.0 = Release|Any CPU
		{E23E3ED8-9B56-41B6-AC16-D5B9DE51574B}.Release|x64.ActiveCfg = Release|Any CPU
		{E23E3ED8-9B56-41B6-AC16-D5B9DE51574B}.Release|x64.Build.0 = Release|Any CPU
		{E23E3ED8-9B56-41B6-AC16-D5B9DE51574B}.Release|x86.ActiveCfg = Release|Any CPU
		{E23E3ED8-9B56-41B6-AC16-D5B9DE51574B}.Release|x86.Build.0 = Release|Any CPU
		{27B3A189-DEDB-4BF5-A6BE-0380C7DA480E}.Debug|Any CPU.ActiveCfg = Debug|Any CPU
		{27B3A189-DEDB-4BF5-A6BE-0380C7DA480E}.Debug|Any CPU.Build.0 = Debug|Any CPU
		{27B3A189-DEDB-4BF5-A6BE-0380C7DA480E}.Debug|x64.ActiveCfg = Debug|Any CPU
		{27B3A189-DEDB-4BF5-A6BE-0380C7DA480E}.Debug|x64.Build.0 = Debug|Any CPU
		{27B3A189-DEDB-4BF5-A6BE-0380C7DA480E}.Debug|x86.ActiveCfg = Debug|Any CPU
		{27B3A189-DEDB-4BF5-A6BE-0380C7DA480E}.Debug|x86.Build.0 = Debug|Any CPU
		{27B3A189-DEDB-4BF5-A6BE-0380C7DA480E}.Release|Any CPU.ActiveCfg = Release|Any CPU
		{27B3A189-DEDB-4BF5-A6BE-0380C7DA480E}.Release|Any CPU.Build.0 = Release|Any CPU
		{27B3A189-DEDB-4BF5-A6BE-0380C7DA480E}.Release|x64.ActiveCfg = Release|Any CPU
		{27B3A189-DEDB-4BF5-A6BE-0380C7DA480E}.Release|x64.Build.0 = Release|Any CPU
		{27B3A189-DEDB-4BF5-A6BE-0380C7DA480E}.Release|x86.ActiveCfg = Release|Any CPU
		{27B3A189-DEDB-4BF5-A6BE-0380C7DA480E}.Release|x86.Build.0 = Release|Any CPU
		{431DC9C5-4705-445C-9F75-B4AE43BF8379}.Debug|Any CPU.ActiveCfg = Debug|Any CPU
		{431DC9C5-4705-445C-9F75-B4AE43BF8379}.Debug|Any CPU.Build.0 = Debug|Any CPU
		{431DC9C5-4705-445C-9F75-B4AE43BF8379}.Debug|x64.ActiveCfg = Debug|Any CPU
		{431DC9C5-4705-445C-9F75-B4AE43BF8379}.Debug|x64.Build.0 = Debug|Any CPU
		{431DC9C5-4705-445C-9F75-B4AE43BF8379}.Debug|x86.ActiveCfg = Debug|Any CPU
		{431DC9C5-4705-445C-9F75-B4AE43BF8379}.Debug|x86.Build.0 = Debug|Any CPU
		{431DC9C5-4705-445C-9F75-B4AE43BF8379}.Release|Any CPU.ActiveCfg = Release|Any CPU
		{431DC9C5-4705-445C-9F75-B4AE43BF8379}.Release|Any CPU.Build.0 = Release|Any CPU
		{431DC9C5-4705-445C-9F75-B4AE43BF8379}.Release|x64.ActiveCfg = Release|Any CPU
		{431DC9C5-4705-445C-9F75-B4AE43BF8379}.Release|x64.Build.0 = Release|Any CPU
		{431DC9C5-4705-445C-9F75-B4AE43BF8379}.Release|x86.ActiveCfg = Release|Any CPU
		{431DC9C5-4705-445C-9F75-B4AE43BF8379}.Release|x86.Build.0 = Release|Any CPU
		{561F8D82-C22A-4B9A-8DD2-A609B590D87D}.Debug|Any CPU.ActiveCfg = Debug|Any CPU
		{561F8D82-C22A-4B9A-8DD2-A609B590D87D}.Debug|Any CPU.Build.0 = Debug|Any CPU
		{561F8D82-C22A-4B9A-8DD2-A609B590D87D}.Debug|x64.ActiveCfg = Debug|Any CPU
		{561F8D82-C22A-4B9A-8DD2-A609B590D87D}.Debug|x64.Build.0 = Debug|Any CPU
		{561F8D82-C22A-4B9A-8DD2-A609B590D87D}.Debug|x86.ActiveCfg = Debug|Any CPU
		{561F8D82-C22A-4B9A-8DD2-A609B590D87D}.Debug|x86.Build.0 = Debug|Any CPU
		{561F8D82-C22A-4B9A-8DD2-A609B590D87D}.Release|Any CPU.ActiveCfg = Release|Any CPU
		{561F8D82-C22A-4B9A-8DD2-A609B590D87D}.Release|Any CPU.Build.0 = Release|Any CPU
		{561F8D82-C22A-4B9A-8DD2-A609B590D87D}.Release|x64.ActiveCfg = Release|Any CPU
		{561F8D82-C22A-4B9A-8DD2-A609B590D87D}.Release|x64.Build.0 = Release|Any CPU
		{561F8D82-C22A-4B9A-8DD2-A609B590D87D}.Release|x86.ActiveCfg = Release|Any CPU
		{561F8D82-C22A-4B9A-8DD2-A609B590D87D}.Release|x86.Build.0 = Release|Any CPU
		{0926ED8F-F1DE-4498-B5D4-B7BA52CA145F}.Debug|Any CPU.ActiveCfg = Debug|Any CPU
		{0926ED8F-F1DE-4498-B5D4-B7BA52CA145F}.Debug|Any CPU.Build.0 = Debug|Any CPU
		{0926ED8F-F1DE-4498-B5D4-B7BA52CA145F}.Debug|x64.ActiveCfg = Debug|Any CPU
		{0926ED8F-F1DE-4498-B5D4-B7BA52CA145F}.Debug|x64.Build.0 = Debug|Any CPU
		{0926ED8F-F1DE-4498-B5D4-B7BA52CA145F}.Debug|x86.ActiveCfg = Debug|Any CPU
		{0926ED8F-F1DE-4498-B5D4-B7BA52CA145F}.Debug|x86.Build.0 = Debug|Any CPU
		{0926ED8F-F1DE-4498-B5D4-B7BA52CA145F}.Release|Any CPU.ActiveCfg = Release|Any CPU
		{0926ED8F-F1DE-4498-B5D4-B7BA52CA145F}.Release|Any CPU.Build.0 = Release|Any CPU
		{0926ED8F-F1DE-4498-B5D4-B7BA52CA145F}.Release|x64.ActiveCfg = Release|Any CPU
		{0926ED8F-F1DE-4498-B5D4-B7BA52CA145F}.Release|x64.Build.0 = Release|Any CPU
		{0926ED8F-F1DE-4498-B5D4-B7BA52CA145F}.Release|x86.ActiveCfg = Release|Any CPU
		{0926ED8F-F1DE-4498-B5D4-B7BA52CA145F}.Release|x86.Build.0 = Release|Any CPU
		{02CF293F-53A6-4C0D-917E-7C00DF0903D0}.Debug|Any CPU.ActiveCfg = Debug|Any CPU
		{02CF293F-53A6-4C0D-917E-7C00DF0903D0}.Debug|Any CPU.Build.0 = Debug|Any CPU
		{02CF293F-53A6-4C0D-917E-7C00DF0903D0}.Debug|x64.ActiveCfg = Debug|Any CPU
		{02CF293F-53A6-4C0D-917E-7C00DF0903D0}.Debug|x64.Build.0 = Debug|Any CPU
		{02CF293F-53A6-4C0D-917E-7C00DF0903D0}.Debug|x86.ActiveCfg = Debug|Any CPU
		{02CF293F-53A6-4C0D-917E-7C00DF0903D0}.Debug|x86.Build.0 = Debug|Any CPU
		{02CF293F-53A6-4C0D-917E-7C00DF0903D0}.Release|Any CPU.ActiveCfg = Release|Any CPU
		{02CF293F-53A6-4C0D-917E-7C00DF0903D0}.Release|Any CPU.Build.0 = Release|Any CPU
		{02CF293F-53A6-4C0D-917E-7C00DF0903D0}.Release|x64.ActiveCfg = Release|Any CPU
		{02CF293F-53A6-4C0D-917E-7C00DF0903D0}.Release|x64.Build.0 = Release|Any CPU
		{02CF293F-53A6-4C0D-917E-7C00DF0903D0}.Release|x86.ActiveCfg = Release|Any CPU
		{02CF293F-53A6-4C0D-917E-7C00DF0903D0}.Release|x86.Build.0 = Release|Any CPU
		{D56A4169-BA85-4DE8-B40D-CA79703978D6}.Debug|Any CPU.ActiveCfg = Debug|Any CPU
		{D56A4169-BA85-4DE8-B40D-CA79703978D6}.Debug|Any CPU.Build.0 = Debug|Any CPU
		{D56A4169-BA85-4DE8-B40D-CA79703978D6}.Debug|x64.ActiveCfg = Debug|Any CPU
		{D56A4169-BA85-4DE8-B40D-CA79703978D6}.Debug|x64.Build.0 = Debug|Any CPU
		{D56A4169-BA85-4DE8-B40D-CA79703978D6}.Debug|x86.ActiveCfg = Debug|Any CPU
		{D56A4169-BA85-4DE8-B40D-CA79703978D6}.Debug|x86.Build.0 = Debug|Any CPU
		{D56A4169-BA85-4DE8-B40D-CA79703978D6}.Release|Any CPU.ActiveCfg = Release|Any CPU
		{D56A4169-BA85-4DE8-B40D-CA79703978D6}.Release|Any CPU.Build.0 = Release|Any CPU
		{D56A4169-BA85-4DE8-B40D-CA79703978D6}.Release|x64.ActiveCfg = Release|Any CPU
		{D56A4169-BA85-4DE8-B40D-CA79703978D6}.Release|x64.Build.0 = Release|Any CPU
		{D56A4169-BA85-4DE8-B40D-CA79703978D6}.Release|x86.ActiveCfg = Release|Any CPU
		{D56A4169-BA85-4DE8-B40D-CA79703978D6}.Release|x86.Build.0 = Release|Any CPU
		{78CE83DC-2892-435C-9E70-6E7ECD42640F}.Debug|Any CPU.ActiveCfg = Debug|Any CPU
		{78CE83DC-2892-435C-9E70-6E7ECD42640F}.Debug|Any CPU.Build.0 = Debug|Any CPU
		{78CE83DC-2892-435C-9E70-6E7ECD42640F}.Debug|x64.ActiveCfg = Debug|Any CPU
		{78CE83DC-2892-435C-9E70-6E7ECD42640F}.Debug|x64.Build.0 = Debug|Any CPU
		{78CE83DC-2892-435C-9E70-6E7ECD42640F}.Debug|x86.ActiveCfg = Debug|Any CPU
		{78CE83DC-2892-435C-9E70-6E7ECD42640F}.Debug|x86.Build.0 = Debug|Any CPU
		{78CE83DC-2892-435C-9E70-6E7ECD42640F}.Release|Any CPU.ActiveCfg = Release|Any CPU
		{78CE83DC-2892-435C-9E70-6E7ECD42640F}.Release|Any CPU.Build.0 = Release|Any CPU
		{78CE83DC-2892-435C-9E70-6E7ECD42640F}.Release|x64.ActiveCfg = Release|Any CPU
		{78CE83DC-2892-435C-9E70-6E7ECD42640F}.Release|x64.Build.0 = Release|Any CPU
		{78CE83DC-2892-435C-9E70-6E7ECD42640F}.Release|x86.ActiveCfg = Release|Any CPU
		{78CE83DC-2892-435C-9E70-6E7ECD42640F}.Release|x86.Build.0 = Release|Any CPU
		{84EB9105-8081-46EC-89F9-BA7150B252B7}.Debug|Any CPU.ActiveCfg = Debug|Any CPU
		{84EB9105-8081-46EC-89F9-BA7150B252B7}.Debug|Any CPU.Build.0 = Debug|Any CPU
		{84EB9105-8081-46EC-89F9-BA7150B252B7}.Debug|x64.ActiveCfg = Debug|Any CPU
		{84EB9105-8081-46EC-89F9-BA7150B252B7}.Debug|x64.Build.0 = Debug|Any CPU
		{84EB9105-8081-46EC-89F9-BA7150B252B7}.Debug|x86.ActiveCfg = Debug|Any CPU
		{84EB9105-8081-46EC-89F9-BA7150B252B7}.Debug|x86.Build.0 = Debug|Any CPU
		{84EB9105-8081-46EC-89F9-BA7150B252B7}.Release|Any CPU.ActiveCfg = Release|Any CPU
		{84EB9105-8081-46EC-89F9-BA7150B252B7}.Release|Any CPU.Build.0 = Release|Any CPU
		{84EB9105-8081-46EC-89F9-BA7150B252B7}.Release|x64.ActiveCfg = Release|Any CPU
		{84EB9105-8081-46EC-89F9-BA7150B252B7}.Release|x64.Build.0 = Release|Any CPU
		{84EB9105-8081-46EC-89F9-BA7150B252B7}.Release|x86.ActiveCfg = Release|Any CPU
		{84EB9105-8081-46EC-89F9-BA7150B252B7}.Release|x86.Build.0 = Release|Any CPU
		{55EB9D59-A35F-49B1-8900-F785F7362834}.Debug|Any CPU.ActiveCfg = Debug|Any CPU
		{55EB9D59-A35F-49B1-8900-F785F7362834}.Debug|Any CPU.Build.0 = Debug|Any CPU
		{55EB9D59-A35F-49B1-8900-F785F7362834}.Debug|x64.ActiveCfg = Debug|Any CPU
		{55EB9D59-A35F-49B1-8900-F785F7362834}.Debug|x64.Build.0 = Debug|Any CPU
		{55EB9D59-A35F-49B1-8900-F785F7362834}.Debug|x86.ActiveCfg = Debug|Any CPU
		{55EB9D59-A35F-49B1-8900-F785F7362834}.Debug|x86.Build.0 = Debug|Any CPU
		{55EB9D59-A35F-49B1-8900-F785F7362834}.Release|Any CPU.ActiveCfg = Release|Any CPU
		{55EB9D59-A35F-49B1-8900-F785F7362834}.Release|Any CPU.Build.0 = Release|Any CPU
		{55EB9D59-A35F-49B1-8900-F785F7362834}.Release|x64.ActiveCfg = Release|Any CPU
		{55EB9D59-A35F-49B1-8900-F785F7362834}.Release|x64.Build.0 = Release|Any CPU
		{55EB9D59-A35F-49B1-8900-F785F7362834}.Release|x86.ActiveCfg = Release|Any CPU
		{55EB9D59-A35F-49B1-8900-F785F7362834}.Release|x86.Build.0 = Release|Any CPU
		{BDD2896E-5498-43A1-8A43-A3634890CA68}.Debug|Any CPU.ActiveCfg = Debug|Any CPU
		{BDD2896E-5498-43A1-8A43-A3634890CA68}.Debug|Any CPU.Build.0 = Debug|Any CPU
		{BDD2896E-5498-43A1-8A43-A3634890CA68}.Debug|x64.ActiveCfg = Debug|Any CPU
		{BDD2896E-5498-43A1-8A43-A3634890CA68}.Debug|x64.Build.0 = Debug|Any CPU
		{BDD2896E-5498-43A1-8A43-A3634890CA68}.Debug|x86.ActiveCfg = Debug|Any CPU
		{BDD2896E-5498-43A1-8A43-A3634890CA68}.Debug|x86.Build.0 = Debug|Any CPU
		{BDD2896E-5498-43A1-8A43-A3634890CA68}.Release|Any CPU.ActiveCfg = Release|Any CPU
		{BDD2896E-5498-43A1-8A43-A3634890CA68}.Release|Any CPU.Build.0 = Release|Any CPU
		{BDD2896E-5498-43A1-8A43-A3634890CA68}.Release|x64.ActiveCfg = Release|Any CPU
		{BDD2896E-5498-43A1-8A43-A3634890CA68}.Release|x64.Build.0 = Release|Any CPU
		{BDD2896E-5498-43A1-8A43-A3634890CA68}.Release|x86.ActiveCfg = Release|Any CPU
		{BDD2896E-5498-43A1-8A43-A3634890CA68}.Release|x86.Build.0 = Release|Any CPU
		{76EE0891-132B-412A-9EBF-B0C80A2C9EA3}.Debug|Any CPU.ActiveCfg = Debug|Any CPU
		{76EE0891-132B-412A-9EBF-B0C80A2C9EA3}.Debug|Any CPU.Build.0 = Debug|Any CPU
		{76EE0891-132B-412A-9EBF-B0C80A2C9EA3}.Debug|x64.ActiveCfg = Debug|Any CPU
		{76EE0891-132B-412A-9EBF-B0C80A2C9EA3}.Debug|x64.Build.0 = Debug|Any CPU
		{76EE0891-132B-412A-9EBF-B0C80A2C9EA3}.Debug|x86.ActiveCfg = Debug|Any CPU
		{76EE0891-132B-412A-9EBF-B0C80A2C9EA3}.Debug|x86.Build.0 = Debug|Any CPU
		{76EE0891-132B-412A-9EBF-B0C80A2C9EA3}.Release|Any CPU.ActiveCfg = Release|Any CPU
		{76EE0891-132B-412A-9EBF-B0C80A2C9EA3}.Release|Any CPU.Build.0 = Release|Any CPU
		{76EE0891-132B-412A-9EBF-B0C80A2C9EA3}.Release|x64.ActiveCfg = Release|Any CPU
		{76EE0891-132B-412A-9EBF-B0C80A2C9EA3}.Release|x64.Build.0 = Release|Any CPU
		{76EE0891-132B-412A-9EBF-B0C80A2C9EA3}.Release|x86.ActiveCfg = Release|Any CPU
		{76EE0891-132B-412A-9EBF-B0C80A2C9EA3}.Release|x86.Build.0 = Release|Any CPU
		{8C329D02-4F9E-4902-B932-460D13080149}.Debug|Any CPU.ActiveCfg = Debug|Any CPU
		{8C329D02-4F9E-4902-B932-460D13080149}.Debug|Any CPU.Build.0 = Debug|Any CPU
		{8C329D02-4F9E-4902-B932-460D13080149}.Debug|x64.ActiveCfg = Debug|Any CPU
		{8C329D02-4F9E-4902-B932-460D13080149}.Debug|x64.Build.0 = Debug|Any CPU
		{8C329D02-4F9E-4902-B932-460D13080149}.Debug|x86.ActiveCfg = Debug|Any CPU
		{8C329D02-4F9E-4902-B932-460D13080149}.Debug|x86.Build.0 = Debug|Any CPU
		{8C329D02-4F9E-4902-B932-460D13080149}.Release|Any CPU.ActiveCfg = Release|Any CPU
		{8C329D02-4F9E-4902-B932-460D13080149}.Release|Any CPU.Build.0 = Release|Any CPU
		{8C329D02-4F9E-4902-B932-460D13080149}.Release|x64.ActiveCfg = Release|Any CPU
		{8C329D02-4F9E-4902-B932-460D13080149}.Release|x64.Build.0 = Release|Any CPU
		{8C329D02-4F9E-4902-B932-460D13080149}.Release|x86.ActiveCfg = Release|Any CPU
		{8C329D02-4F9E-4902-B932-460D13080149}.Release|x86.Build.0 = Release|Any CPU
		{AD3CEA04-F8A0-4AD7-ACD7-E6225E60260E}.Debug|Any CPU.ActiveCfg = Debug|Any CPU
		{AD3CEA04-F8A0-4AD7-ACD7-E6225E60260E}.Debug|Any CPU.Build.0 = Debug|Any CPU
		{AD3CEA04-F8A0-4AD7-ACD7-E6225E60260E}.Debug|x64.ActiveCfg = Debug|Any CPU
		{AD3CEA04-F8A0-4AD7-ACD7-E6225E60260E}.Debug|x64.Build.0 = Debug|Any CPU
		{AD3CEA04-F8A0-4AD7-ACD7-E6225E60260E}.Debug|x86.ActiveCfg = Debug|Any CPU
		{AD3CEA04-F8A0-4AD7-ACD7-E6225E60260E}.Debug|x86.Build.0 = Debug|Any CPU
		{AD3CEA04-F8A0-4AD7-ACD7-E6225E60260E}.Release|Any CPU.ActiveCfg = Release|Any CPU
		{AD3CEA04-F8A0-4AD7-ACD7-E6225E60260E}.Release|Any CPU.Build.0 = Release|Any CPU
		{AD3CEA04-F8A0-4AD7-ACD7-E6225E60260E}.Release|x64.ActiveCfg = Release|Any CPU
		{AD3CEA04-F8A0-4AD7-ACD7-E6225E60260E}.Release|x64.Build.0 = Release|Any CPU
		{AD3CEA04-F8A0-4AD7-ACD7-E6225E60260E}.Release|x86.ActiveCfg = Release|Any CPU
		{AD3CEA04-F8A0-4AD7-ACD7-E6225E60260E}.Release|x86.Build.0 = Release|Any CPU
	EndGlobalSection
	GlobalSection(SolutionProperties) = preSolution
		HideSolutionNode = FALSE
	EndGlobalSection
	GlobalSection(NestedProjects) = preSolution
		{6CF93713-A047-43F7-A454-C4D674B13DB8} = {2DC63571-2E30-44CD-BDBE-9EFE4AA549FA}
		{927D8C76-2C00-47BD-B727-8A47386C9B45} = {2DC63571-2E30-44CD-BDBE-9EFE4AA549FA}
		{8372B07C-AAFB-4D1F-BA66-402AD74B5233} = {5422BD1B-0D9D-41D4-A725-FAB85FD027E1}
		{B450314D-039F-4DB0-B3EF-8C848741E5A7} = {6CF93713-A047-43F7-A454-C4D674B13DB8}
		{4498FB46-8835-4D05-911D-36EF0E23567A} = {6CF93713-A047-43F7-A454-C4D674B13DB8}
		{499D4EDB-C9AC-471A-831C-9956C09639B4} = {6CF93713-A047-43F7-A454-C4D674B13DB8}
		{94D0C8BB-04A5-4ED0-8575-E4D10B974D38} = {927D8C76-2C00-47BD-B727-8A47386C9B45}
		{CEEEDEF9-999B-4276-A3C0-1E9163C3E704} = {927D8C76-2C00-47BD-B727-8A47386C9B45}
		{6D59E454-DE2E-4700-91D3-166545F00522} = {927D8C76-2C00-47BD-B727-8A47386C9B45}
		{A61EB265-7669-435F-BF20-831F7C319433} = {8372B07C-AAFB-4D1F-BA66-402AD74B5233}
		{F016451B-6C70-419B-A42B-997183F2DD73} = {8372B07C-AAFB-4D1F-BA66-402AD74B5233}
		{1FC80C0E-D043-4ED0-94F9-53215E281938} = {8372B07C-AAFB-4D1F-BA66-402AD74B5233}
		{F3BBDAC5-0AD2-4F78-A987-758583BF7E00} = {8372B07C-AAFB-4D1F-BA66-402AD74B5233}
		{F450FC51-71E0-4815-8C1D-A03CBD0F994A} = {2DC63571-2E30-44CD-BDBE-9EFE4AA549FA}
		{E39B3A44-227C-4DC4-B12C-44DDF7CB7204} = {2DC63571-2E30-44CD-BDBE-9EFE4AA549FA}
		{33AA954D-120E-4C82-A270-728F53C38668} = {F450FC51-71E0-4815-8C1D-A03CBD0F994A}
		{4C39AC7E-6A17-48A0-A40E-BB049FFDA14B} = {E39B3A44-227C-4DC4-B12C-44DDF7CB7204}
		{335CE71E-EC5E-4BA5-B717-E9B160E1C67E} = {2DC63571-2E30-44CD-BDBE-9EFE4AA549FA}
		{5047A44D-83EB-479B-A220-45B42584475F} = {335CE71E-EC5E-4BA5-B717-E9B160E1C67E}
		{7A0A3695-C2A6-42FC-85FD-D006E2734295} = {335CE71E-EC5E-4BA5-B717-E9B160E1C67E}
		{19EBB7C4-E55B-4486-A5CE-861945F8A336} = {335CE71E-EC5E-4BA5-B717-E9B160E1C67E}
		{DF5FB5E8-D3F1-454D-9700-C57F94B41EBA} = {335CE71E-EC5E-4BA5-B717-E9B160E1C67E}
		{163282BC-4C80-4218-A2D5-94F0A331A76D} = {2DC63571-2E30-44CD-BDBE-9EFE4AA549FA}
		{AC491325-FD44-4F9C-90BA-D9886C96ACCE} = {163282BC-4C80-4218-A2D5-94F0A331A76D}
		{708F983D-ADD3-4A62-A466-F2120E9E0EE3} = {DE5D660B-0197-4733-9B9E-DE292CE6AB5D}
		{01E23964-54A2-4E1A-8298-0E047AE7A843} = {2DC63571-2E30-44CD-BDBE-9EFE4AA549FA}
		{1781CD95-F695-43CF-9D38-57C84E32E116} = {DE5D660B-0197-4733-9B9E-DE292CE6AB5D}
		{C2EE3405-81D6-448E-A6A0-677C9122A4BF} = {2DC63571-2E30-44CD-BDBE-9EFE4AA549FA}
		{F3F1A92B-83AC-4341-B2E6-1C085FC8CB0B} = {2DC63571-2E30-44CD-BDBE-9EFE4AA549FA}
		{ED37D9CA-ABB3-44EA-8AE6-C239A0EA706C} = {F3F1A92B-83AC-4341-B2E6-1C085FC8CB0B}
		{EF0EEE74-3AC4-4672-8C45-A780E72076B8} = {C2EE3405-81D6-448E-A6A0-677C9122A4BF}
		{2C06A473-15C1-44CA-BB84-4704D3CCF8B6} = {C2EE3405-81D6-448E-A6A0-677C9122A4BF}
		{2ECCA326-DA2E-4B3E-8152-459FF716B7FC} = {01E23964-54A2-4E1A-8298-0E047AE7A843}
		{304ECE55-EA44-4E47-AD10-EB313DD9EC92} = {01E23964-54A2-4E1A-8298-0E047AE7A843}
		{9CD09E09-DC5F-4C5F-A7B4-9752F3009BDB} = {2DC63571-2E30-44CD-BDBE-9EFE4AA549FA}
		{A00590A9-41DA-48E5-97BB-69B246AAEFF0} = {9CD09E09-DC5F-4C5F-A7B4-9752F3009BDB}
		{B8BFE6D6-BAC6-4C99-AC87-0583AAACA2AC} = {9CD09E09-DC5F-4C5F-A7B4-9752F3009BDB}
		{FB0EF4C0-08D6-43A3-A866-4E590EDDF082} = {9CD09E09-DC5F-4C5F-A7B4-9752F3009BDB}
		{51FF4C79-1C62-42C8-8E3D-BD652655B21B} = {2DC63571-2E30-44CD-BDBE-9EFE4AA549FA}
		{0DED780C-FF5E-4104-9633-04CEF635A382} = {51FF4C79-1C62-42C8-8E3D-BD652655B21B}
		{69130D98-55A0-4C0D-91A4-7265C655B009} = {51FF4C79-1C62-42C8-8E3D-BD652655B21B}
		{CF45C2F7-3DC5-4BDA-97A1-F10AA85AF951} = {51FF4C79-1C62-42C8-8E3D-BD652655B21B}
		{B32DB358-A1ED-493F-A013-6F5381DFE7C2} = {5422BD1B-0D9D-41D4-A725-FAB85FD027E1}
		{095F0F6E-740B-4C20-A5BA-033471D5454F} = {B32DB358-A1ED-493F-A013-6F5381DFE7C2}
		{A16C2502-20EB-4D06-98CF-39ED628C4739} = {B32DB358-A1ED-493F-A013-6F5381DFE7C2}
		{C520B5DA-EE48-4876-867E-0CBDD635C536} = {B32DB358-A1ED-493F-A013-6F5381DFE7C2}
		{2FDA7A25-0688-426F-94D2-BDFD576843C7} = {B32DB358-A1ED-493F-A013-6F5381DFE7C2}
		{093950A0-1809-47C2-B6E6-916623C300A5} = {2DC63571-2E30-44CD-BDBE-9EFE4AA549FA}
		{48F8DBAD-CAEF-44C6-9CC4-680502857B6B} = {093950A0-1809-47C2-B6E6-916623C300A5}
		{AEFB65DA-D47A-4B26-9536-0F926384BFCC} = {2DC63571-2E30-44CD-BDBE-9EFE4AA549FA}
		{6CD55F2A-A40F-4CEC-A3CA-B71BF9A6FCA5} = {AEFB65DA-D47A-4B26-9536-0F926384BFCC}
		{D2CD1AC1-FE88-4671-8A1D-42D464E99B2B} = {2DC63571-2E30-44CD-BDBE-9EFE4AA549FA}
		{F83B5BAF-82F6-4D19-A5B6-FE01FC680E2A} = {D2CD1AC1-FE88-4671-8A1D-42D464E99B2B}
		{3D30C26B-1FF0-406E-91D5-B7C28649D9FB} = {AEFB65DA-D47A-4B26-9536-0F926384BFCC}
		{56B7F279-F263-436A-80E4-EEFF238C73B1} = {2DC63571-2E30-44CD-BDBE-9EFE4AA549FA}
		{04E76C0B-3EE1-49EC-9A1A-DEAFEDB8A37E} = {2DC63571-2E30-44CD-BDBE-9EFE4AA549FA}
		{C72210B2-5787-4E7C-A277-EDF243B7192E} = {04E76C0B-3EE1-49EC-9A1A-DEAFEDB8A37E}
		{E23E3ED8-9B56-41B6-AC16-D5B9DE51574B} = {56B7F279-F263-436A-80E4-EEFF238C73B1}
		{6DA76673-07BD-4AA0-8DE4-B0EA40163DA7} = {2DC63571-2E30-44CD-BDBE-9EFE4AA549FA}
		{27B3A189-DEDB-4BF5-A6BE-0380C7DA480E} = {6DA76673-07BD-4AA0-8DE4-B0EA40163DA7}
		{7B8937CD-661F-4543-9EF3-E84A1A277957} = {2DC63571-2E30-44CD-BDBE-9EFE4AA549FA}
		{431DC9C5-4705-445C-9F75-B4AE43BF8379} = {51FF4C79-1C62-42C8-8E3D-BD652655B21B}
		{561F8D82-C22A-4B9A-8DD2-A609B590D87D} = {335CE71E-EC5E-4BA5-B717-E9B160E1C67E}
		{0926ED8F-F1DE-4498-B5D4-B7BA52CA145F} = {7B8937CD-661F-4543-9EF3-E84A1A277957}
		{02CF293F-53A6-4C0D-917E-7C00DF0903D0} = {7B8937CD-661F-4543-9EF3-E84A1A277957}
		{DE5D660B-0197-4733-9B9E-DE292CE6AB5D} = {2DC63571-2E30-44CD-BDBE-9EFE4AA549FA}
		{B68434A8-F473-448E-A5F9-031EDFF2664D} = {DE5D660B-0197-4733-9B9E-DE292CE6AB5D}
		{D56A4169-BA85-4DE8-B40D-CA79703978D6} = {1781CD95-F695-43CF-9D38-57C84E32E116}
		{78CE83DC-2892-435C-9E70-6E7ECD42640F} = {708F983D-ADD3-4A62-A466-F2120E9E0EE3}
		{84EB9105-8081-46EC-89F9-BA7150B252B7} = {B68434A8-F473-448E-A5F9-031EDFF2664D}
		{40C829E2-4196-434B-A98C-69A1D02A211F} = {2DC63571-2E30-44CD-BDBE-9EFE4AA549FA}
		{55EB9D59-A35F-49B1-8900-F785F7362834} = {40C829E2-4196-434B-A98C-69A1D02A211F}
		{BDD2896E-5498-43A1-8A43-A3634890CA68} = {40C829E2-4196-434B-A98C-69A1D02A211F}
		{F1F18A86-DA75-4694-94A5-9F336B7D2AD5} = {DE5D660B-0197-4733-9B9E-DE292CE6AB5D}
		{76EE0891-132B-412A-9EBF-B0C80A2C9EA3} = {F1F18A86-DA75-4694-94A5-9F336B7D2AD5}
		{8C329D02-4F9E-4902-B932-460D13080149} = {01E23964-54A2-4E1A-8298-0E047AE7A843}
		{58BDAD9B-8DF6-492A-8AE2-010A6B4E2760} = {DE5D660B-0197-4733-9B9E-DE292CE6AB5D}
		{AD3CEA04-F8A0-4AD7-ACD7-E6225E60260E} = {58BDAD9B-8DF6-492A-8AE2-010A6B4E2760}
	EndGlobalSection
EndGlobal
