
Microsoft Visual Studio Solution File, Format Version 12.00
# Visual Studio 2013
VisualStudioVersion = 12.0.40629.0
MinimumVisualStudioVersion = 10.0.40219.1
Project("{FAE04EC0-301F-11D3-BF4B-00C04F79EFBC}") = "ODAC_Sample", "ODAC_Sample\ODAC_Sample.csproj", "{5047A44D-83EB-479B-A220-45B42584475F}"
EndProject
Project("{FAE04EC0-301F-11D3-BF4B-00C04F79EFBC}") = "ODAC_Sample_InsightDatabase", "ODAC_Sample_InsightDatabase\ODAC_Sample_InsightDatabase.csproj", "{19EBB7C4-E55B-4486-A5CE-861945F8A336}"
EndProject
Project("{FAE04EC0-301F-11D3-BF4B-00C04F79EFBC}") = "ODAC_Sample_FluentDAO", "ODAC_Sample_FluentDAO\ODAC_Sample_FluentDAO.csproj", "{7A0A3695-C2A6-42FC-85FD-D006E2734295}"
EndProject
Project("{FAE04EC0-301F-11D3-BF4B-00C04F79EFBC}") = "ODAC_Sample_NHibernate", "ODAC_Sample_NHibernate\ODAC_Sample_NHibernate.csproj", "{DF5FB5E8-D3F1-454D-9700-C57F94B41EBA}"
EndProject
Global
	GlobalSection(SolutionConfigurationPlatforms) = preSolution
		Debug|Any CPU = Debug|Any CPU
		Debug|Mixed Platforms = Debug|Mixed Platforms
		Debug|x64 = Debug|x64
		Debug|x86 = Debug|x86
		Release|Any CPU = Release|Any CPU
		Release|Mixed Platforms = Release|Mixed Platforms
		Release|x64 = Release|x64
		Release|x86 = Release|x86
	EndGlobalSection
	GlobalSection(ProjectConfigurationPlatforms) = postSolution
		{5047A44D-83EB-479B-A220-45B42584475F}.Debug|Any CPU.ActiveCfg = Debug|Any CPU
		{5047A44D-83EB-479B-A220-45B42584475F}.Debug|Any CPU.Build.0 = Debug|Any CPU
		{5047A44D-83EB-479B-A220-45B42584475F}.Debug|Mixed Platforms.ActiveCfg = Debug|Any CPU
		{5047A44D-83EB-479B-A220-45B42584475F}.Debug|Mixed Platforms.Build.0 = Debug|Any CPU
		{5047A44D-83EB-479B-A220-45B42584475F}.Debug|x64.ActiveCfg = Debug|x64
		{5047A44D-83EB-479B-A220-45B42584475F}.Debug|x64.Build.0 = Debug|x64
		{5047A44D-83EB-479B-A220-45B42584475F}.Debug|x86.ActiveCfg = Debug|x86
		{5047A44D-83EB-479B-A220-45B42584475F}.Debug|x86.Build.0 = Debug|x86
		{5047A44D-83EB-479B-A220-45B42584475F}.Release|Any CPU.ActiveCfg = Release|Any CPU
		{5047A44D-83EB-479B-A220-45B42584475F}.Release|Any CPU.Build.0 = Release|Any CPU
		{5047A44D-83EB-479B-A220-45B42584475F}.Release|Mixed Platforms.ActiveCfg = Release|x86
		{5047A44D-83EB-479B-A220-45B42584475F}.Release|Mixed Platforms.Build.0 = Release|x86
		{5047A44D-83EB-479B-A220-45B42584475F}.Release|x64.ActiveCfg = Release|x64
		{5047A44D-83EB-479B-A220-45B42584475F}.Release|x64.Build.0 = Release|x64
		{5047A44D-83EB-479B-A220-45B42584475F}.Release|x86.ActiveCfg = Release|x86
		{5047A44D-83EB-479B-A220-45B42584475F}.Release|x86.Build.0 = Release|x86
		{19EBB7C4-E55B-4486-A5CE-861945F8A336}.Debug|Any CPU.ActiveCfg = Debug|Any CPU
		{19EBB7C4-E55B-4486-A5CE-861945F8A336}.Debug|Any CPU.Build.0 = Debug|Any CPU
		{19EBB7C4-E55B-4486-A5CE-861945F8A336}.Debug|Mixed Platforms.ActiveCfg = Debug|Any CPU
		{19EBB7C4-E55B-4486-A5CE-861945F8A336}.Debug|Mixed Platforms.Build.0 = Debug|Any CPU
		{19EBB7C4-E55B-4486-A5CE-861945F8A336}.Debug|x64.ActiveCfg = Debug|Any CPU
		{19EBB7C4-E55B-4486-A5CE-861945F8A336}.Debug|x64.Build.0 = Debug|Any CPU
		{19EBB7C4-E55B-4486-A5CE-861945F8A336}.Debug|x86.ActiveCfg = Debug|Any CPU
		{19EBB7C4-E55B-4486-A5CE-861945F8A336}.Debug|x86.Build.0 = Debug|Any CPU
		{19EBB7C4-E55B-4486-A5CE-861945F8A336}.Release|Any CPU.ActiveCfg = Release|Any CPU
		{19EBB7C4-E55B-4486-A5CE-861945F8A336}.Release|Any CPU.Build.0 = Release|Any CPU
		{19EBB7C4-E55B-4486-A5CE-861945F8A336}.Release|Mixed Platforms.ActiveCfg = Release|Any CPU
		{19EBB7C4-E55B-4486-A5CE-861945F8A336}.Release|Mixed Platforms.Build.0 = Release|Any CPU
		{19EBB7C4-E55B-4486-A5CE-861945F8A336}.Release|x64.ActiveCfg = Release|Any CPU
		{19EBB7C4-E55B-4486-A5CE-861945F8A336}.Release|x64.Build.0 = Release|Any CPU
		{19EBB7C4-E55B-4486-A5CE-861945F8A336}.Release|x86.ActiveCfg = Release|Any CPU
		{19EBB7C4-E55B-4486-A5CE-861945F8A336}.Release|x86.Build.0 = Release|Any CPU
		{7A0A3695-C2A6-42FC-85FD-D006E2734295}.Debug|Any CPU.ActiveCfg = Debug|Any CPU
		{7A0A3695-C2A6-42FC-85FD-D006E2734295}.Debug|Any CPU.Build.0 = Debug|Any CPU
		{7A0A3695-C2A6-42FC-85FD-D006E2734295}.Debug|Mixed Platforms.ActiveCfg = Debug|Any CPU
		{7A0A3695-C2A6-42FC-85FD-D006E2734295}.Debug|Mixed Platforms.Build.0 = Debug|Any CPU
		{7A0A3695-C2A6-42FC-85FD-D006E2734295}.Debug|x64.ActiveCfg = Debug|Any CPU
		{7A0A3695-C2A6-42FC-85FD-D006E2734295}.Debug|x64.Build.0 = Debug|Any CPU
		{7A0A3695-C2A6-42FC-85FD-D006E2734295}.Debug|x86.ActiveCfg = Debug|Any CPU
		{7A0A3695-C2A6-42FC-85FD-D006E2734295}.Debug|x86.Build.0 = Debug|Any CPU
		{7A0A3695-C2A6-42FC-85FD-D006E2734295}.Release|Any CPU.ActiveCfg = Release|Any CPU
		{7A0A3695-C2A6-42FC-85FD-D006E2734295}.Release|Any CPU.Build.0 = Release|Any CPU
		{7A0A3695-C2A6-42FC-85FD-D006E2734295}.Release|Mixed Platforms.ActiveCfg = Release|Any CPU
		{7A0A3695-C2A6-42FC-85FD-D006E2734295}.Release|Mixed Platforms.Build.0 = Release|Any CPU
		{7A0A3695-C2A6-42FC-85FD-D006E2734295}.Release|x64.ActiveCfg = Release|Any CPU
		{7A0A3695-C2A6-42FC-85FD-D006E2734295}.Release|x64.Build.0 = Release|Any CPU
		{7A0A3695-C2A6-42FC-85FD-D006E2734295}.Release|x86.ActiveCfg = Release|Any CPU
		{7A0A3695-C2A6-42FC-85FD-D006E2734295}.Release|x86.Build.0 = Release|Any CPU
		{DF5FB5E8-D3F1-454D-9700-C57F94B41EBA}.Debug|Any CPU.ActiveCfg = Debug|Any CPU
		{DF5FB5E8-D3F1-454D-9700-C57F94B41EBA}.Debug|Any CPU.Build.0 = Debug|Any CPU
		{DF5FB5E8-D3F1-454D-9700-C57F94B41EBA}.Debug|Mixed Platforms.ActiveCfg = Debug|Any CPU
		{DF5FB5E8-D3F1-454D-9700-C57F94B41EBA}.Debug|Mixed Platforms.Build.0 = Debug|Any CPU
		{DF5FB5E8-D3F1-454D-9700-C57F94B41EBA}.Debug|x64.ActiveCfg = Debug|Any CPU
		{DF5FB5E8-D3F1-454D-9700-C57F94B41EBA}.Debug|x64.Build.0 = Debug|Any CPU
		{DF5FB5E8-D3F1-454D-9700-C57F94B41EBA}.Debug|x86.ActiveCfg = Debug|Any CPU
		{DF5FB5E8-D3F1-454D-9700-C57F94B41EBA}.Debug|x86.Build.0 = Debug|Any CPU
		{DF5FB5E8-D3F1-454D-9700-C57F94B41EBA}.Release|Any CPU.ActiveCfg = Release|Any CPU
		{DF5FB5E8-D3F1-454D-9700-C57F94B41EBA}.Release|Any CPU.Build.0 = Release|Any CPU
		{DF5FB5E8-D3F1-454D-9700-C57F94B41EBA}.Release|Mixed Platforms.ActiveCfg = Release|Any CPU
		{DF5FB5E8-D3F1-454D-9700-C57F94B41EBA}.Release|Mixed Platforms.Build.0 = Release|Any CPU
		{DF5FB5E8-D3F1-454D-9700-C57F94B41EBA}.Release|x64.ActiveCfg = Release|Any CPU
		{DF5FB5E8-D3F1-454D-9700-C57F94B41EBA}.Release|x86.ActiveCfg = Release|Any CPU
	EndGlobalSection
	GlobalSection(SolutionProperties) = preSolution
		HideSolutionNode = FALSE
	EndGlobalSection
EndGlobal
